// !$*UTF8*$!
{
	archiveVersion = 1;
	classes = {
	};
	objectVersion = 46;
	objects = {

/* Begin PBXBuildFile section */
		076E20FBE3B8BF04AAFAEDDA /* Pods_ios.framework in Frameworks */ = {isa = PBXBuildFile; fileRef = A31725F87D2D9EDE08EEAEB4 /* Pods_ios.framework */; settings = {ATTRIBUTES = (Required, ); }; };
		D70491961FDA927C00CE5980 /* Welcome.storyboard in Resources */ = {isa = PBXBuildFile; fileRef = D70491941FDA927C00CE5980 /* Welcome.storyboard */; };
		D70F82D41F67E8E5001CEC90 /* HistoryViewController.swift in Sources */ = {isa = PBXBuildFile; fileRef = D70F82D31F67E8E5001CEC90 /* HistoryViewController.swift */; };
		D721F19A1F7E2D4B000B9546 /* CustomViewController.swift in Sources */ = {isa = PBXBuildFile; fileRef = D721F1991F7E2D4B000B9546 /* CustomViewController.swift */; };
		D721F19C1F7E3EF8000B9546 /* Mandate.swift in Sources */ = {isa = PBXBuildFile; fileRef = D721F19B1F7E3EF8000B9546 /* Mandate.swift */; };
		D726298D1FFBD10C00743224 /* BaseScanViewController.swift in Sources */ = {isa = PBXBuildFile; fileRef = D726298C1FFBD10C00743224 /* BaseScanViewController.swift */; };
		D72A89D11FE8050A00C06EF6 /* LaunchScreen.storyboard in Resources */ = {isa = PBXBuildFile; fileRef = D72A89D01FE8050A00C06EF6 /* LaunchScreen.storyboard */; };
		D72A89D31FE81FD800C06EF6 /* WhyPersonalData.storyboard in Resources */ = {isa = PBXBuildFile; fileRef = D72A89D21FE81FD800C06EF6 /* WhyPersonalData.storyboard */; };
		D72A89D71FE820F000C06EF6 /* InfoRegistrationViewController.swift in Sources */ = {isa = PBXBuildFile; fileRef = D72A89D61FE820F000C06EF6 /* InfoRegistrationViewController.swift */; };
		D72A89D91FE9164200C06EF6 /* AmountLimit.swift in Sources */ = {isa = PBXBuildFile; fileRef = D72A89D81FE9164200C06EF6 /* AmountLimit.swift */; };
		D72B197C1FE2B19C00EE3FDE /* ForgotPasswordCompleteViewController.swift in Sources */ = {isa = PBXBuildFile; fileRef = D72B197B1FE2B19C00EE3FDE /* ForgotPasswordCompleteViewController.swift */; };
		D72BD5441FDECA0B001481B1 /* ModalFromRightAnimation.swift in Sources */ = {isa = PBXBuildFile; fileRef = D72BD5431FDECA0B001481B1 /* ModalFromRightAnimation.swift */; };
		D731EACD1F792D7400F5116C /* AmountLimitNavigationViewController.swift in Sources */ = {isa = PBXBuildFile; fileRef = D731EACC1F792D7400F5116C /* AmountLimitNavigationViewController.swift */; };
		D731EACF1F79300300F5116C /* LoginNavigationViewController.swift in Sources */ = {isa = PBXBuildFile; fileRef = D731EACE1F79300300F5116C /* LoginNavigationViewController.swift */; };
		D7335B2E1F45923F00B57AE0 /* UIImageExtensions.swift in Sources */ = {isa = PBXBuildFile; fileRef = D7335B2D1F45923F00B57AE0 /* UIImageExtensions.swift */; };
		D73CA1C31F38B4C30059A296 /* LoginViewController.swift in Sources */ = {isa = PBXBuildFile; fileRef = D73CA1C21F38B4C30059A296 /* LoginViewController.swift */; };
		D73CA1C51F39BA360059A296 /* AppConstants.swift in Sources */ = {isa = PBXBuildFile; fileRef = D73CA1C41F39BA360059A296 /* AppConstants.swift */; };
		D73CA1C71F39BD970059A296 /* UserDefaultsExtensions.swift in Sources */ = {isa = PBXBuildFile; fileRef = D73CA1C61F39BD970059A296 /* UserDefaultsExtensions.swift */; };
		D73E976E1FD000CE00EFD8E1 /* AuthClient.swift in Sources */ = {isa = PBXBuildFile; fileRef = D73E976D1FD000CE00EFD8E1 /* AuthClient.swift */; };
		D740E1521F4C537D000531BA /* BeaconServiceProtocol.swift in Sources */ = {isa = PBXBuildFile; fileRef = D740E1511F4C537D000531BA /* BeaconServiceProtocol.swift */; };
		D740E15C1F4C6328000531BA /* GivtService.swift in Sources */ = {isa = PBXBuildFile; fileRef = D740E15B1F4C6328000531BA /* GivtService.swift */; };
		D748F5F6206137E400B25BC2 /* TableSectionHeader.swift in Sources */ = {isa = PBXBuildFile; fileRef = D748F5F5206137E400B25BC2 /* TableSectionHeader.swift */; };
		D748F5F82061381B00B25BC2 /* TableSectionHeaderView.xib in Resources */ = {isa = PBXBuildFile; fileRef = D748F5F72061381B00B25BC2 /* TableSectionHeaderView.xib */; };
		D748F5FC2061425400B25BC2 /* HistoryTableViewCell.swift in Sources */ = {isa = PBXBuildFile; fileRef = D748F5FB2061425400B25BC2 /* HistoryTableViewCell.swift */; };
		D748F6002063D4A500B25BC2 /* Status.swift in Sources */ = {isa = PBXBuildFile; fileRef = D748F5FF2063D4A500B25BC2 /* Status.swift */; };
		D748F6022063D4BF00B25BC2 /* HistoryTransaction.swift in Sources */ = {isa = PBXBuildFile; fileRef = D748F6012063D4BF00B25BC2 /* HistoryTransaction.swift */; };
		D748F6042063D50C00B25BC2 /* HistoryTableViewModel.swift in Sources */ = {isa = PBXBuildFile; fileRef = D748F6032063D50C00B25BC2 /* HistoryTableViewModel.swift */; };
		D75141981F9798040016B71F /* EmailOnlyViewController.swift in Sources */ = {isa = PBXBuildFile; fileRef = D75141971F9798040016B71F /* EmailOnlyViewController.swift */; };
		D751419A1F9799750016B71F /* FirstUseViewController.swift in Sources */ = {isa = PBXBuildFile; fileRef = D75141991F9799750016B71F /* FirstUseViewController.swift */; };
		D751419C1F9799970016B71F /* FirstUseNavigationViewController.swift in Sources */ = {isa = PBXBuildFile; fileRef = D751419B1F9799970016B71F /* FirstUseNavigationViewController.swift */; };
		D75141A71F9E181A0016B71F /* givt_animation.gif in Resources */ = {isa = PBXBuildFile; fileRef = D75141A61F9E130C0016B71F /* givt_animation.gif */; };
		D75141A81F9E181A0016B71F /* givt_registration.gif in Resources */ = {isa = PBXBuildFile; fileRef = D75141A51F9E130C0016B71F /* givt_registration.gif */; };
		D754DA331F3AF9E7001B7040 /* CustomUITextField.swift in Sources */ = {isa = PBXBuildFile; fileRef = D754DA321F3AF9E7001B7040 /* CustomUITextField.swift */; };
		D754DA3B1F3B45D5001B7040 /* UIButtonExtensions.swift in Sources */ = {isa = PBXBuildFile; fileRef = D754DA3A1F3B45D5001B7040 /* UIButtonExtensions.swift */; };
		D75AA196200CBFD5006E09BB /* TaxesViewController.swift in Sources */ = {isa = PBXBuildFile; fileRef = D75AA195200CBFD5006E09BB /* TaxesViewController.swift */; };
		D75B2BCF1FCEADE8000B7968 /* APIClient.swift in Sources */ = {isa = PBXBuildFile; fileRef = D75B2BCE1FCEADE8000B7968 /* APIClient.swift */; };
		D75B2BD21FCEAE05000B7968 /* IAPIClient.swift in Sources */ = {isa = PBXBuildFile; fileRef = D75B2BD11FCEAE05000B7968 /* IAPIClient.swift */; };
		D75F2CCF1FAC69EB00F40827 /* ManualGivingViewController.swift in Sources */ = {isa = PBXBuildFile; fileRef = D75F2CCE1FAC69EB00F40827 /* ManualGivingViewController.swift */; };
		D75F2CD11FACA73900F40827 /* QRViewController.swift in Sources */ = {isa = PBXBuildFile; fileRef = D75F2CD01FACA73900F40827 /* QRViewController.swift */; };
		D76022081F56F06600C24AB6 /* AmountLimitViewController.swift in Sources */ = {isa = PBXBuildFile; fileRef = D76022071F56F06600C24AB6 /* AmountLimitViewController.swift */; };
		D761E9601F15248E002B849B /* SettingsItemViewCells.swift in Sources */ = {isa = PBXBuildFile; fileRef = D761E95F1F15248E002B849B /* SettingsItemViewCells.swift */; };
		D761E9631F161207002B849B /* Setting.swift in Sources */ = {isa = PBXBuildFile; fileRef = D761E9621F161207002B849B /* Setting.swift */; };
		D761E9941F166B8D002B849B /* CustomTableView.swift in Sources */ = {isa = PBXBuildFile; fileRef = D761E9931F166B8D002B849B /* CustomTableView.swift */; };
		D761E9A01F167798002B849B /* BaseViewController.swift in Sources */ = {isa = PBXBuildFile; fileRef = D761E99F1F167798002B849B /* BaseViewController.swift */; };
		D761E9A21F17B14D002B849B /* RoundedButton.swift in Sources */ = {isa = PBXBuildFile; fileRef = D761E9A11F17B14D002B849B /* RoundedButton.swift */; };
		D761E9B01F18AC90002B849B /* CustomButton.swift in Sources */ = {isa = PBXBuildFile; fileRef = D761E9AF1F18AC90002B849B /* CustomButton.swift */; };
		D761E9B31F18B55C002B849B /* entypo.ttf in Resources */ = {isa = PBXBuildFile; fileRef = D761E9B21F18B450002B849B /* entypo.ttf */; };
		D761E9B51F18B602002B849B /* zocial-regular-webfont.ttf in Resources */ = {isa = PBXBuildFile; fileRef = D761E9B41F18B602002B849B /* zocial-regular-webfont.ttf */; };
		D761E9B71F18B89D002B849B /* AmountViewController.swift in Sources */ = {isa = PBXBuildFile; fileRef = D761E9B61F18B89D002B849B /* AmountViewController.swift */; };
		D761E9BA1F18C5C6002B849B /* StringExtensions.swift in Sources */ = {isa = PBXBuildFile; fileRef = D761E9B91F18C5C6002B849B /* StringExtensions.swift */; };
		D761E9BC1F18CE0C002B849B /* ScanViewController.swift in Sources */ = {isa = PBXBuildFile; fileRef = D761E9BB1F18CE0C002B849B /* ScanViewController.swift */; };
		D761E9BF1F18CFE4002B849B /* UIColorExtensions.swift in Sources */ = {isa = PBXBuildFile; fileRef = D761E9BE1F18CFE4002B849B /* UIColorExtensions.swift */; };
		D761E9C21F20CFA6002B849B /* Localizable.strings in Resources */ = {isa = PBXBuildFile; fileRef = D761E9C41F20CFA6002B849B /* Localizable.strings */; };
		D76A03431FBAFBD600E338C5 /* CarouselViewController.swift in Sources */ = {isa = PBXBuildFile; fileRef = D76A03421FBAFBD600E338C5 /* CarouselViewController.swift */; };
		D76A03451FBAFC5100E338C5 /* TemplateViewController.swift in Sources */ = {isa = PBXBuildFile; fileRef = D76A03441FBAFC5100E338C5 /* TemplateViewController.swift */; };
		D770E5341FB097FA0079D253 /* ManualOrganisationView.swift in Sources */ = {isa = PBXBuildFile; fileRef = D770E5331FB097FA0079D253 /* ManualOrganisationView.swift */; };
		D77511BB1F711231004F91F6 /* DateExtensions.swift in Sources */ = {isa = PBXBuildFile; fileRef = D77511BA1F711231004F91F6 /* DateExtensions.swift */; };
		D77511BD1F713B56004F91F6 /* AgendaNumber.swift in Sources */ = {isa = PBXBuildFile; fileRef = D77511BC1F713B56004F91F6 /* AgendaNumber.swift */; };
		D77667EE1F39F12900649157 /* LoginManager.swift in Sources */ = {isa = PBXBuildFile; fileRef = D77667ED1F39F12900649157 /* LoginManager.swift */; };
		D77FC1BE1F86668A0031C49F /* Country.swift in Sources */ = {isa = PBXBuildFile; fileRef = D77FC1BD1F86668A0031C49F /* Country.swift */; };
		D782089D2008ADB000AB6DC1 /* ManualGivingOrganisation.swift in Sources */ = {isa = PBXBuildFile; fileRef = D782089C2008ADB000AB6DC1 /* ManualGivingOrganisation.swift */; };
		D782089F2008BE6000AB6DC1 /* ArrayExtensions.swift in Sources */ = {isa = PBXBuildFile; fileRef = D782089E2008BE6000AB6DC1 /* ArrayExtensions.swift */; };
		D78208A12008BE7900AB6DC1 /* CollectionExtensions.swift in Sources */ = {isa = PBXBuildFile; fileRef = D78208A02008BE7900AB6DC1 /* CollectionExtensions.swift */; };
		D782E68F20064A680086907E /* SettingsViewController.swift in Sources */ = {isa = PBXBuildFile; fileRef = D782E68E20064A680086907E /* SettingsViewController.swift */; };
		D782F2E41F7D331B00348D7A /* TermsViewController.swift in Sources */ = {isa = PBXBuildFile; fileRef = D782F2E31F7D331B00348D7A /* TermsViewController.swift */; };
		D782F3081F7D8CFB00348D7A /* FinalRegistrationViewController.swift in Sources */ = {isa = PBXBuildFile; fileRef = D782F3071F7D8CFB00348D7A /* FinalRegistrationViewController.swift */; };
		D787AE2B1FCD91680004BDB1 /* LogService.swift in Sources */ = {isa = PBXBuildFile; fileRef = D787AE2A1FCD91680004BDB1 /* LogService.swift */; };
		D787AE2D1FCD9EFB0004BDB1 /* ILogService.swift in Sources */ = {isa = PBXBuildFile; fileRef = D787AE2C1FCD9EFB0004BDB1 /* ILogService.swift */; };
		D787BE79208DCA6B00E20873 /* celebration.gif in Resources */ = {isa = PBXBuildFile; fileRef = D787BE78208DCA6A00E20873 /* celebration.gif */; };
		D788E4781FA08DA700506DA5 /* NavigationManager.swift in Sources */ = {isa = PBXBuildFile; fileRef = D788E4771FA08DA700506DA5 /* NavigationManager.swift */; };
		D78D44B01FC6FC0200325CAF /* FAQ.storyboard in Resources */ = {isa = PBXBuildFile; fileRef = D78D44AF1FC6FC0200325CAF /* FAQ.storyboard */; };
		D78D44B21FC6FCD700325CAF /* FAQViewController.swift in Sources */ = {isa = PBXBuildFile; fileRef = D78D44B11FC6FCD700325CAF /* FAQViewController.swift */; };
		D78D44B41FC7039E00325CAF /* FAQView.swift in Sources */ = {isa = PBXBuildFile; fileRef = D78D44B31FC7039E00325CAF /* FAQView.swift */; };
		D79F97731FACC83F0006335A /* SelectOrgViewController.swift in Sources */ = {isa = PBXBuildFile; fileRef = D79F97721FACC83F0006335A /* SelectOrgViewController.swift */; };
		D7A64D071FDFDC62005B51B2 /* ForgotPassword.storyboard in Resources */ = {isa = PBXBuildFile; fileRef = D7A64D061FDFDC62005B51B2 /* ForgotPassword.storyboard */; };
		D7A64D091FDFDE2E005B51B2 /* ForgotPasswordViewController.swift in Sources */ = {isa = PBXBuildFile; fileRef = D7A64D081FDFDE2E005B51B2 /* ForgotPasswordViewController.swift */; };
		D7ADE2481FBC870000198F28 /* TerminateAccount.storyboard in Resources */ = {isa = PBXBuildFile; fileRef = D7ADE2471FBC870000198F28 /* TerminateAccount.storyboard */; };
		D7ADE24B1FBC899300198F28 /* TerminateAccountViewController.swift in Sources */ = {isa = PBXBuildFile; fileRef = D7ADE24A1FBC899300198F28 /* TerminateAccountViewController.swift */; };
		D7ADE24D1FBC8E9300198F28 /* ConfirmationViewController.swift in Sources */ = {isa = PBXBuildFile; fileRef = D7ADE24C1FBC8E9300198F28 /* ConfirmationViewController.swift */; };
		D7AF42FF1FEA61610027EEC1 /* UpdatedTermsPage.storyboard in Resources */ = {isa = PBXBuildFile; fileRef = D7AF42FE1FEA61610027EEC1 /* UpdatedTermsPage.storyboard */; };
		D7AF43011FEA66B40027EEC1 /* UpdatedTermsPageViewController.swift in Sources */ = {isa = PBXBuildFile; fileRef = D7AF43001FEA66B40027EEC1 /* UpdatedTermsPageViewController.swift */; };
		D7AF43031FEA8E680027EEC1 /* PlaceholderViewController.swift in Sources */ = {isa = PBXBuildFile; fileRef = D7AF43021FEA8E680027EEC1 /* PlaceholderViewController.swift */; };
		D7B7154E1FD0527E00666262 /* PersonalInfoViewController.swift in Sources */ = {isa = PBXBuildFile; fileRef = D7B7154D1FD0527E00666262 /* PersonalInfoViewController.swift */; };
		D7B715501FD0529D00666262 /* Personal.storyboard in Resources */ = {isa = PBXBuildFile; fileRef = D7B7154F1FD0529D00666262 /* Personal.storyboard */; };
		D7BB5DA81FD59B4700D12E62 /* InfraManager.swift in Sources */ = {isa = PBXBuildFile; fileRef = D7BB5DA71FD59B4700D12E62 /* InfraManager.swift */; };
		D7BC58D620776361008C9497 /* Context.swift in Sources */ = {isa = PBXBuildFile; fileRef = D7BC58D520776361008C9497 /* Context.swift */; };
		D7C5120C20761D51002B1618 /* ChooseContextViewController.swift in Sources */ = {isa = PBXBuildFile; fileRef = D7C5120B20761D51002B1618 /* ChooseContextViewController.swift */; };
		D7C5120E20761DC7002B1618 /* ChooseContextTableViewCell.swift in Sources */ = {isa = PBXBuildFile; fileRef = D7C5120D20761DC7002B1618 /* ChooseContextTableViewCell.swift */; };
		D7CAB10420875E9F004139CB /* CelebrateViewController.swift in Sources */ = {isa = PBXBuildFile; fileRef = D7CAB10320875E9F004139CB /* CelebrateViewController.swift */; };
		D7CCC0681FC427A9006A6A4F /* Pincode.storyboard in Resources */ = {isa = PBXBuildFile; fileRef = D7CCC0671FC427A9006A6A4F /* Pincode.storyboard */; };
		D7CCC06B1FC427FC006A6A4F /* PinNavViewController.swift in Sources */ = {isa = PBXBuildFile; fileRef = D7CCC06A1FC427FC006A6A4F /* PinNavViewController.swift */; };
		D7CCC06D1FC4280F006A6A4F /* PinViewController.swift in Sources */ = {isa = PBXBuildFile; fileRef = D7CCC06C1FC4280F006A6A4F /* PinViewController.swift */; };
		D7CCC06F1FC4346F006A6A4F /* PinScreenViewController.swift in Sources */ = {isa = PBXBuildFile; fileRef = D7CCC06E1FC4346F006A6A4F /* PinScreenViewController.swift */; };
		D7D6FA6B1F7BADA5008A5604 /* UITextFieldExtensions.swift in Sources */ = {isa = PBXBuildFile; fileRef = D7D6FA6A1F7BADA5008A5604 /* UITextFieldExtensions.swift */; };
		D7D6FA6E1F7BE423008A5604 /* ValidationHelper.swift in Sources */ = {isa = PBXBuildFile; fileRef = D7D6FA6D1F7BE423008A5604 /* ValidationHelper.swift */; };
		D7DBED971FBC473700D78E2A /* AboutGivt.storyboard in Resources */ = {isa = PBXBuildFile; fileRef = D7DBED961FBC473700D78E2A /* AboutGivt.storyboard */; };
		D7DBED9A1FBC483300D78E2A /* BaseNavigationController.swift in Sources */ = {isa = PBXBuildFile; fileRef = D7DBED991FBC483300D78E2A /* BaseNavigationController.swift */; };
		D7DBED9C1FBC484600D78E2A /* AboutViewController.swift in Sources */ = {isa = PBXBuildFile; fileRef = D7DBED9B1FBC484600D78E2A /* AboutViewController.swift */; };
		D7DBED9E1FBC490E00D78E2A /* UINavigationControllerExtensions.swift in Sources */ = {isa = PBXBuildFile; fileRef = D7DBED9D1FBC490E00D78E2A /* UINavigationControllerExtensions.swift */; };
		D7DBEDA11FBC5D5900D78E2A /* CustomUITextView.swift in Sources */ = {isa = PBXBuildFile; fileRef = D7DBEDA01FBC5D5900D78E2A /* CustomUITextView.swift */; };
		D7DBEDA31FBC798A00D78E2A /* UIDeviceExtensions.swift in Sources */ = {isa = PBXBuildFile; fileRef = D7DBEDA21FBC798A00D78E2A /* UIDeviceExtensions.swift */; };
		D7E3CE921F7CF0DA005807BE /* RegistrationUser.swift in Sources */ = {isa = PBXBuildFile; fileRef = D7E3CE911F7CF0DA005807BE /* RegistrationUser.swift */; };
		D7E3CE941F7CFA34005807BE /* UserExt.swift in Sources */ = {isa = PBXBuildFile; fileRef = D7E3CE931F7CFA34005807BE /* UserExt.swift */; };
		D7E3CE961F7D2159005807BE /* SPInfoViewController.swift in Sources */ = {isa = PBXBuildFile; fileRef = D7E3CE951F7D2159005807BE /* SPInfoViewController.swift */; };
		D7E3CE9E1F7D2C5C005807BE /* SPWebViewController.swift in Sources */ = {isa = PBXBuildFile; fileRef = D7E3CE9D1F7D2C5C005807BE /* SPWebViewController.swift */; };
		D7E708541FE7FD68002A7770 /* InfoPlist.strings in Resources */ = {isa = PBXBuildFile; fileRef = D7E708511FE7FD67002A7770 /* InfoPlist.strings */; };
		D7EAF10E1FB491B000DFE5CC /* icon.png in Resources */ = {isa = PBXBuildFile; fileRef = D7EAF10B1FB491AD00DFE5CC /* icon.png */; };
		D7EAF10F1FB491B000DFE5CC /* icon@2x.png in Resources */ = {isa = PBXBuildFile; fileRef = D7EAF10C1FB491AD00DFE5CC /* icon@2x.png */; };
		D7EAF1101FB491B000DFE5CC /* icon@3x.png in Resources */ = {isa = PBXBuildFile; fileRef = D7EAF10D1FB491B000DFE5CC /* icon@3x.png */; };
		D7EE4B631F9F3C430091BF2C /* UIViewControllerExtensions.swift in Sources */ = {isa = PBXBuildFile; fileRef = D7EE4B621F9F3C430091BF2C /* UIViewControllerExtensions.swift */; };
		D7F131641F7555EC00E25A68 /* RegistrationDetailViewController.swift in Sources */ = {isa = PBXBuildFile; fileRef = D7F131631F7555EC00E25A68 /* RegistrationDetailViewController.swift */; };
		D7F131661F75574D00E25A68 /* Registration.storyboard in Resources */ = {isa = PBXBuildFile; fileRef = D7F131651F75574D00E25A68 /* Registration.storyboard */; };
		D7F131681F75593A00E25A68 /* RegistrationViewController.swift in Sources */ = {isa = PBXBuildFile; fileRef = D7F131671F75593A00E25A68 /* RegistrationViewController.swift */; };
		D7F1316A1F7559BD00E25A68 /* RegNavigationController.swift in Sources */ = {isa = PBXBuildFile; fileRef = D7F131691F7559BD00E25A68 /* RegNavigationController.swift */; };
		D7F654931FA8B390007816B0 /* PermissionViewController.swift in Sources */ = {isa = PBXBuildFile; fileRef = D7F654921FA8B390007816B0 /* PermissionViewController.swift */; };
		D7F746B51FD83FC7005354A3 /* CustomModalAnimation.swift in Sources */ = {isa = PBXBuildFile; fileRef = D7F746B41FD83FC7005354A3 /* CustomModalAnimation.swift */; };
		D7FB251D1F4D6D2F0011A14E /* AppServices.swift in Sources */ = {isa = PBXBuildFile; fileRef = D7FB251C1F4D6D2F0011A14E /* AppServices.swift */; };
		D7FB251F1F4F189F0011A14E /* ScanCompleteViewController.swift in Sources */ = {isa = PBXBuildFile; fileRef = D7FB251E1F4F189F0011A14E /* ScanCompleteViewController.swift */; };
		D7FB252F1F5065C20011A14E /* Reachability.swift in Sources */ = {isa = PBXBuildFile; fileRef = D7FB252E1F5065C20011A14E /* Reachability.swift */; };
		FB106210200F8163000B35DE /* NetworkExtension.framework in Frameworks */ = {isa = PBXBuildFile; fileRef = D782F2E71F7D37A400348D7A /* NetworkExtension.framework */; };
		FB3CE6D71F14CA200055185B /* AppDelegate.swift in Sources */ = {isa = PBXBuildFile; fileRef = FB3CE6D61F14CA200055185B /* AppDelegate.swift */; };
		FB3CE6E01F14CA200055185B /* Main.storyboard in Resources */ = {isa = PBXBuildFile; fileRef = FB3CE6DE1F14CA200055185B /* Main.storyboard */; };
		FB3CE6E21F14CA200055185B /* Assets.xcassets in Resources */ = {isa = PBXBuildFile; fileRef = FB3CE6E11F14CA200055185B /* Assets.xcassets */; };
/* End PBXBuildFile section */

/* Begin PBXCopyFilesBuildPhase section */
		FB07A9611F14D97200FD9C1A /* Embed Frameworks */ = {
			isa = PBXCopyFilesBuildPhase;
			buildActionMask = 2147483647;
			dstPath = "";
			dstSubfolderSpec = 10;
			files = (
			);
			name = "Embed Frameworks";
			runOnlyForDeploymentPostprocessing = 0;
		};
		FB07A9621F14D98300FD9C1A /* CopyFiles */ = {
			isa = PBXCopyFilesBuildPhase;
			buildActionMask = 2147483647;
			dstPath = "";
			dstSubfolderSpec = 16;
			files = (
			);
			runOnlyForDeploymentPostprocessing = 0;
		};
/* End PBXCopyFilesBuildPhase section */

/* Begin PBXFileReference section */
		419F2B5D4C67A498F60F1F8E /* Pods-ios.release.xcconfig */ = {isa = PBXFileReference; includeInIndex = 1; lastKnownFileType = text.xcconfig; name = "Pods-ios.release.xcconfig"; path = "Pods/Target Support Files/Pods-ios/Pods-ios.release.xcconfig"; sourceTree = "<group>"; };
		5137859347A8763C7437BABD /* Pods-ios.debug.xcconfig */ = {isa = PBXFileReference; includeInIndex = 1; lastKnownFileType = text.xcconfig; name = "Pods-ios.debug.xcconfig"; path = "Pods/Target Support Files/Pods-ios/Pods-ios.debug.xcconfig"; sourceTree = "<group>"; };
		7DF90D94E6F980835D667A53 /* Pods-ios.production.xcconfig */ = {isa = PBXFileReference; includeInIndex = 1; lastKnownFileType = text.xcconfig; name = "Pods-ios.production.xcconfig"; path = "Pods/Target Support Files/Pods-ios/Pods-ios.production.xcconfig"; sourceTree = "<group>"; };
		A31725F87D2D9EDE08EEAEB4 /* Pods_ios.framework */ = {isa = PBXFileReference; explicitFileType = wrapper.framework; includeInIndex = 0; path = Pods_ios.framework; sourceTree = BUILT_PRODUCTS_DIR; };
		D70F82D31F67E8E5001CEC90 /* HistoryViewController.swift */ = {isa = PBXFileReference; fileEncoding = 4; lastKnownFileType = sourcecode.swift; path = HistoryViewController.swift; sourceTree = "<group>"; };
		D721F1991F7E2D4B000B9546 /* CustomViewController.swift */ = {isa = PBXFileReference; lastKnownFileType = sourcecode.swift; path = CustomViewController.swift; sourceTree = "<group>"; };
		D721F19B1F7E3EF8000B9546 /* Mandate.swift */ = {isa = PBXFileReference; lastKnownFileType = sourcecode.swift; path = Mandate.swift; sourceTree = "<group>"; };
		D726298C1FFBD10C00743224 /* BaseScanViewController.swift */ = {isa = PBXFileReference; lastKnownFileType = sourcecode.swift; path = BaseScanViewController.swift; sourceTree = "<group>"; };
		D72A89D01FE8050A00C06EF6 /* LaunchScreen.storyboard */ = {isa = PBXFileReference; lastKnownFileType = file.storyboard; path = LaunchScreen.storyboard; sourceTree = "<group>"; };
		D72A89D21FE81FD800C06EF6 /* WhyPersonalData.storyboard */ = {isa = PBXFileReference; lastKnownFileType = file.storyboard; path = WhyPersonalData.storyboard; sourceTree = "<group>"; };
		D72A89D61FE820F000C06EF6 /* InfoRegistrationViewController.swift */ = {isa = PBXFileReference; lastKnownFileType = sourcecode.swift; path = InfoRegistrationViewController.swift; sourceTree = "<group>"; };
		D72A89D81FE9164200C06EF6 /* AmountLimit.swift */ = {isa = PBXFileReference; lastKnownFileType = sourcecode.swift; path = AmountLimit.swift; sourceTree = "<group>"; };
		D72B197B1FE2B19C00EE3FDE /* ForgotPasswordCompleteViewController.swift */ = {isa = PBXFileReference; lastKnownFileType = sourcecode.swift; path = ForgotPasswordCompleteViewController.swift; sourceTree = "<group>"; };
		D72B197D1FE2E4F700EE3FDE /* nl */ = {isa = PBXFileReference; lastKnownFileType = file.storyboard; name = nl; path = nl.lproj/Main.storyboard; sourceTree = "<group>"; };
		D72B197F1FE2E4F800EE3FDE /* nl */ = {isa = PBXFileReference; lastKnownFileType = file.storyboard; name = nl; path = nl.lproj/Welcome.storyboard; sourceTree = "<group>"; };
		D72B19811FE3016700EE3FDE /* en */ = {isa = PBXFileReference; lastKnownFileType = text.plist.strings; name = en; path = en.lproj/Localizable.strings; sourceTree = "<group>"; };
		D72BD5431FDECA0B001481B1 /* ModalFromRightAnimation.swift */ = {isa = PBXFileReference; lastKnownFileType = sourcecode.swift; path = ModalFromRightAnimation.swift; sourceTree = "<group>"; };
		D731EACC1F792D7400F5116C /* AmountLimitNavigationViewController.swift */ = {isa = PBXFileReference; lastKnownFileType = sourcecode.swift; path = AmountLimitNavigationViewController.swift; sourceTree = "<group>"; };
		D731EACE1F79300300F5116C /* LoginNavigationViewController.swift */ = {isa = PBXFileReference; lastKnownFileType = sourcecode.swift; path = LoginNavigationViewController.swift; sourceTree = "<group>"; };
		D7335B2D1F45923F00B57AE0 /* UIImageExtensions.swift */ = {isa = PBXFileReference; fileEncoding = 4; lastKnownFileType = sourcecode.swift; path = UIImageExtensions.swift; sourceTree = "<group>"; };
		D73CA1C21F38B4C30059A296 /* LoginViewController.swift */ = {isa = PBXFileReference; lastKnownFileType = sourcecode.swift; path = LoginViewController.swift; sourceTree = "<group>"; };
		D73CA1C41F39BA360059A296 /* AppConstants.swift */ = {isa = PBXFileReference; lastKnownFileType = sourcecode.swift; path = AppConstants.swift; sourceTree = "<group>"; };
		D73CA1C61F39BD970059A296 /* UserDefaultsExtensions.swift */ = {isa = PBXFileReference; lastKnownFileType = sourcecode.swift; path = UserDefaultsExtensions.swift; sourceTree = "<group>"; };
		D73E976D1FD000CE00EFD8E1 /* AuthClient.swift */ = {isa = PBXFileReference; lastKnownFileType = sourcecode.swift; path = AuthClient.swift; sourceTree = "<group>"; };
		D740E1511F4C537D000531BA /* BeaconServiceProtocol.swift */ = {isa = PBXFileReference; fileEncoding = 4; lastKnownFileType = sourcecode.swift; path = BeaconServiceProtocol.swift; sourceTree = "<group>"; };
		D740E15B1F4C6328000531BA /* GivtService.swift */ = {isa = PBXFileReference; fileEncoding = 4; lastKnownFileType = sourcecode.swift; path = GivtService.swift; sourceTree = "<group>"; };
		D748F5F5206137E400B25BC2 /* TableSectionHeader.swift */ = {isa = PBXFileReference; lastKnownFileType = sourcecode.swift; path = TableSectionHeader.swift; sourceTree = "<group>"; };
		D748F5F72061381B00B25BC2 /* TableSectionHeaderView.xib */ = {isa = PBXFileReference; lastKnownFileType = file.xib; path = TableSectionHeaderView.xib; sourceTree = "<group>"; };
		D748F5FB2061425400B25BC2 /* HistoryTableViewCell.swift */ = {isa = PBXFileReference; lastKnownFileType = sourcecode.swift; path = HistoryTableViewCell.swift; sourceTree = "<group>"; };
		D748F5FF2063D4A500B25BC2 /* Status.swift */ = {isa = PBXFileReference; lastKnownFileType = sourcecode.swift; path = Status.swift; sourceTree = "<group>"; };
		D748F6012063D4BF00B25BC2 /* HistoryTransaction.swift */ = {isa = PBXFileReference; lastKnownFileType = sourcecode.swift; path = HistoryTransaction.swift; sourceTree = "<group>"; };
		D748F6032063D50C00B25BC2 /* HistoryTableViewModel.swift */ = {isa = PBXFileReference; lastKnownFileType = sourcecode.swift; path = HistoryTableViewModel.swift; sourceTree = "<group>"; };
		D75141971F9798040016B71F /* EmailOnlyViewController.swift */ = {isa = PBXFileReference; lastKnownFileType = sourcecode.swift; path = EmailOnlyViewController.swift; sourceTree = "<group>"; };
		D75141991F9799750016B71F /* FirstUseViewController.swift */ = {isa = PBXFileReference; lastKnownFileType = sourcecode.swift; path = FirstUseViewController.swift; sourceTree = "<group>"; };
		D751419B1F9799970016B71F /* FirstUseNavigationViewController.swift */ = {isa = PBXFileReference; lastKnownFileType = sourcecode.swift; path = FirstUseNavigationViewController.swift; sourceTree = "<group>"; };
		D75141A51F9E130C0016B71F /* givt_registration.gif */ = {isa = PBXFileReference; lastKnownFileType = image.gif; path = givt_registration.gif; sourceTree = "<group>"; };
		D75141A61F9E130C0016B71F /* givt_animation.gif */ = {isa = PBXFileReference; lastKnownFileType = image.gif; path = givt_animation.gif; sourceTree = "<group>"; };
		D754DA321F3AF9E7001B7040 /* CustomUITextField.swift */ = {isa = PBXFileReference; lastKnownFileType = sourcecode.swift; path = CustomUITextField.swift; sourceTree = "<group>"; };
		D754DA3A1F3B45D5001B7040 /* UIButtonExtensions.swift */ = {isa = PBXFileReference; lastKnownFileType = sourcecode.swift; path = UIButtonExtensions.swift; sourceTree = "<group>"; };
		D75AA195200CBFD5006E09BB /* TaxesViewController.swift */ = {isa = PBXFileReference; lastKnownFileType = sourcecode.swift; path = TaxesViewController.swift; sourceTree = "<group>"; };
		D75B2BCE1FCEADE8000B7968 /* APIClient.swift */ = {isa = PBXFileReference; lastKnownFileType = sourcecode.swift; path = APIClient.swift; sourceTree = "<group>"; };
		D75B2BD11FCEAE05000B7968 /* IAPIClient.swift */ = {isa = PBXFileReference; lastKnownFileType = sourcecode.swift; path = IAPIClient.swift; sourceTree = "<group>"; };
		D75F2CCE1FAC69EB00F40827 /* ManualGivingViewController.swift */ = {isa = PBXFileReference; lastKnownFileType = sourcecode.swift; path = ManualGivingViewController.swift; sourceTree = "<group>"; };
		D75F2CD01FACA73900F40827 /* QRViewController.swift */ = {isa = PBXFileReference; lastKnownFileType = sourcecode.swift; path = QRViewController.swift; sourceTree = "<group>"; };
		D76021DE1F56B4DD00C24AB6 /* ios.entitlements */ = {isa = PBXFileReference; lastKnownFileType = text.plist.entitlements; path = ios.entitlements; sourceTree = "<group>"; };
		D76022071F56F06600C24AB6 /* AmountLimitViewController.swift */ = {isa = PBXFileReference; fileEncoding = 4; lastKnownFileType = sourcecode.swift; path = AmountLimitViewController.swift; sourceTree = "<group>"; };
		D761E95F1F15248E002B849B /* SettingsItemViewCells.swift */ = {isa = PBXFileReference; fileEncoding = 4; lastKnownFileType = sourcecode.swift; path = SettingsItemViewCells.swift; sourceTree = "<group>"; };
		D761E9621F161207002B849B /* Setting.swift */ = {isa = PBXFileReference; fileEncoding = 4; lastKnownFileType = sourcecode.swift; path = Setting.swift; sourceTree = "<group>"; };
		D761E9931F166B8D002B849B /* CustomTableView.swift */ = {isa = PBXFileReference; fileEncoding = 4; lastKnownFileType = sourcecode.swift; path = CustomTableView.swift; sourceTree = "<group>"; };
		D761E99F1F167798002B849B /* BaseViewController.swift */ = {isa = PBXFileReference; fileEncoding = 4; lastKnownFileType = sourcecode.swift; path = BaseViewController.swift; sourceTree = "<group>"; };
		D761E9A11F17B14D002B849B /* RoundedButton.swift */ = {isa = PBXFileReference; fileEncoding = 4; lastKnownFileType = sourcecode.swift; path = RoundedButton.swift; sourceTree = "<group>"; };
		D761E9AF1F18AC90002B849B /* CustomButton.swift */ = {isa = PBXFileReference; fileEncoding = 4; lastKnownFileType = sourcecode.swift; path = CustomButton.swift; sourceTree = "<group>"; };
		D761E9B21F18B450002B849B /* entypo.ttf */ = {isa = PBXFileReference; lastKnownFileType = file; path = entypo.ttf; sourceTree = "<group>"; };
		D761E9B41F18B602002B849B /* zocial-regular-webfont.ttf */ = {isa = PBXFileReference; lastKnownFileType = file; path = "zocial-regular-webfont.ttf"; sourceTree = "<group>"; };
		D761E9B61F18B89D002B849B /* AmountViewController.swift */ = {isa = PBXFileReference; fileEncoding = 4; lastKnownFileType = sourcecode.swift; path = AmountViewController.swift; sourceTree = "<group>"; };
		D761E9B91F18C5C6002B849B /* StringExtensions.swift */ = {isa = PBXFileReference; fileEncoding = 4; lastKnownFileType = sourcecode.swift; path = StringExtensions.swift; sourceTree = "<group>"; };
		D761E9BB1F18CE0C002B849B /* ScanViewController.swift */ = {isa = PBXFileReference; fileEncoding = 4; lastKnownFileType = sourcecode.swift; path = ScanViewController.swift; sourceTree = "<group>"; };
		D761E9BE1F18CFE4002B849B /* UIColorExtensions.swift */ = {isa = PBXFileReference; fileEncoding = 4; lastKnownFileType = sourcecode.swift; path = UIColorExtensions.swift; sourceTree = "<group>"; };
		D761E9C61F20D341002B849B /* nl */ = {isa = PBXFileReference; lastKnownFileType = text.plist.strings; name = nl; path = nl.lproj/Localizable.strings; sourceTree = "<group>"; };
		D76A03421FBAFBD600E338C5 /* CarouselViewController.swift */ = {isa = PBXFileReference; lastKnownFileType = sourcecode.swift; path = CarouselViewController.swift; sourceTree = "<group>"; };
		D76A03441FBAFC5100E338C5 /* TemplateViewController.swift */ = {isa = PBXFileReference; lastKnownFileType = sourcecode.swift; path = TemplateViewController.swift; sourceTree = "<group>"; };
		D770E5331FB097FA0079D253 /* ManualOrganisationView.swift */ = {isa = PBXFileReference; lastKnownFileType = sourcecode.swift; path = ManualOrganisationView.swift; sourceTree = "<group>"; };
		D77511BA1F711231004F91F6 /* DateExtensions.swift */ = {isa = PBXFileReference; fileEncoding = 4; lastKnownFileType = sourcecode.swift; path = DateExtensions.swift; sourceTree = "<group>"; };
		D77511BC1F713B56004F91F6 /* AgendaNumber.swift */ = {isa = PBXFileReference; fileEncoding = 4; lastKnownFileType = sourcecode.swift; path = AgendaNumber.swift; sourceTree = "<group>"; };
		D77667ED1F39F12900649157 /* LoginManager.swift */ = {isa = PBXFileReference; lastKnownFileType = sourcecode.swift; path = LoginManager.swift; sourceTree = "<group>"; };
		D77FC1BD1F86668A0031C49F /* Country.swift */ = {isa = PBXFileReference; lastKnownFileType = sourcecode.swift; path = Country.swift; sourceTree = "<group>"; };
		D782089C2008ADB000AB6DC1 /* ManualGivingOrganisation.swift */ = {isa = PBXFileReference; lastKnownFileType = sourcecode.swift; path = ManualGivingOrganisation.swift; sourceTree = "<group>"; };
		D782089E2008BE6000AB6DC1 /* ArrayExtensions.swift */ = {isa = PBXFileReference; lastKnownFileType = sourcecode.swift; path = ArrayExtensions.swift; sourceTree = "<group>"; };
		D78208A02008BE7900AB6DC1 /* CollectionExtensions.swift */ = {isa = PBXFileReference; lastKnownFileType = sourcecode.swift; path = CollectionExtensions.swift; sourceTree = "<group>"; };
		D782E68E20064A680086907E /* SettingsViewController.swift */ = {isa = PBXFileReference; lastKnownFileType = sourcecode.swift; path = SettingsViewController.swift; sourceTree = "<group>"; };
		D782F2E31F7D331B00348D7A /* TermsViewController.swift */ = {isa = PBXFileReference; lastKnownFileType = sourcecode.swift; path = TermsViewController.swift; sourceTree = "<group>"; };
		D782F2E71F7D37A400348D7A /* NetworkExtension.framework */ = {isa = PBXFileReference; lastKnownFileType = wrapper.framework; name = NetworkExtension.framework; path = System/Library/Frameworks/NetworkExtension.framework; sourceTree = SDKROOT; };
		D782F3071F7D8CFB00348D7A /* FinalRegistrationViewController.swift */ = {isa = PBXFileReference; lastKnownFileType = sourcecode.swift; path = FinalRegistrationViewController.swift; sourceTree = "<group>"; };
		D787AE2A1FCD91680004BDB1 /* LogService.swift */ = {isa = PBXFileReference; lastKnownFileType = sourcecode.swift; path = LogService.swift; sourceTree = "<group>"; };
		D787AE2C1FCD9EFB0004BDB1 /* ILogService.swift */ = {isa = PBXFileReference; lastKnownFileType = sourcecode.swift; path = ILogService.swift; sourceTree = "<group>"; };
		D787BE78208DCA6A00E20873 /* celebration.gif */ = {isa = PBXFileReference; lastKnownFileType = image.gif; path = celebration.gif; sourceTree = "<group>"; };
		D788E4771FA08DA700506DA5 /* NavigationManager.swift */ = {isa = PBXFileReference; lastKnownFileType = sourcecode.swift; path = NavigationManager.swift; sourceTree = "<group>"; };
		D78D44AF1FC6FC0200325CAF /* FAQ.storyboard */ = {isa = PBXFileReference; lastKnownFileType = file.storyboard; path = FAQ.storyboard; sourceTree = "<group>"; };
		D78D44B11FC6FCD700325CAF /* FAQViewController.swift */ = {isa = PBXFileReference; lastKnownFileType = sourcecode.swift; path = FAQViewController.swift; sourceTree = "<group>"; };
		D78D44B31FC7039E00325CAF /* FAQView.swift */ = {isa = PBXFileReference; lastKnownFileType = sourcecode.swift; path = FAQView.swift; sourceTree = "<group>"; };
		D79F97721FACC83F0006335A /* SelectOrgViewController.swift */ = {isa = PBXFileReference; lastKnownFileType = sourcecode.swift; path = SelectOrgViewController.swift; sourceTree = "<group>"; };
		D7A64D061FDFDC62005B51B2 /* ForgotPassword.storyboard */ = {isa = PBXFileReference; lastKnownFileType = file.storyboard; path = ForgotPassword.storyboard; sourceTree = "<group>"; };
		D7A64D081FDFDE2E005B51B2 /* ForgotPasswordViewController.swift */ = {isa = PBXFileReference; lastKnownFileType = sourcecode.swift; path = ForgotPasswordViewController.swift; sourceTree = "<group>"; };
		D7ADE2471FBC870000198F28 /* TerminateAccount.storyboard */ = {isa = PBXFileReference; lastKnownFileType = file.storyboard; path = TerminateAccount.storyboard; sourceTree = "<group>"; };
		D7ADE24A1FBC899300198F28 /* TerminateAccountViewController.swift */ = {isa = PBXFileReference; lastKnownFileType = sourcecode.swift; path = TerminateAccountViewController.swift; sourceTree = "<group>"; };
		D7ADE24C1FBC8E9300198F28 /* ConfirmationViewController.swift */ = {isa = PBXFileReference; lastKnownFileType = sourcecode.swift; path = ConfirmationViewController.swift; sourceTree = "<group>"; };
		D7AF42FE1FEA61610027EEC1 /* UpdatedTermsPage.storyboard */ = {isa = PBXFileReference; lastKnownFileType = file.storyboard; path = UpdatedTermsPage.storyboard; sourceTree = "<group>"; };
		D7AF43001FEA66B40027EEC1 /* UpdatedTermsPageViewController.swift */ = {isa = PBXFileReference; lastKnownFileType = sourcecode.swift; path = UpdatedTermsPageViewController.swift; sourceTree = "<group>"; };
		D7AF43021FEA8E680027EEC1 /* PlaceholderViewController.swift */ = {isa = PBXFileReference; lastKnownFileType = sourcecode.swift; path = PlaceholderViewController.swift; sourceTree = "<group>"; };
		D7B7154D1FD0527E00666262 /* PersonalInfoViewController.swift */ = {isa = PBXFileReference; lastKnownFileType = sourcecode.swift; path = PersonalInfoViewController.swift; sourceTree = "<group>"; };
		D7B7154F1FD0529D00666262 /* Personal.storyboard */ = {isa = PBXFileReference; lastKnownFileType = file.storyboard; path = Personal.storyboard; sourceTree = "<group>"; };
		D7BB5DA71FD59B4700D12E62 /* InfraManager.swift */ = {isa = PBXFileReference; lastKnownFileType = sourcecode.swift; path = InfraManager.swift; sourceTree = "<group>"; };
		D7BC58D520776361008C9497 /* Context.swift */ = {isa = PBXFileReference; lastKnownFileType = sourcecode.swift; path = Context.swift; sourceTree = "<group>"; };
		D7C5120B20761D51002B1618 /* ChooseContextViewController.swift */ = {isa = PBXFileReference; lastKnownFileType = sourcecode.swift; path = ChooseContextViewController.swift; sourceTree = "<group>"; };
		D7C5120D20761DC7002B1618 /* ChooseContextTableViewCell.swift */ = {isa = PBXFileReference; lastKnownFileType = sourcecode.swift; path = ChooseContextTableViewCell.swift; sourceTree = "<group>"; };
		D7CAB10320875E9F004139CB /* CelebrateViewController.swift */ = {isa = PBXFileReference; lastKnownFileType = sourcecode.swift; path = CelebrateViewController.swift; sourceTree = "<group>"; };
		D7CCC0671FC427A9006A6A4F /* Pincode.storyboard */ = {isa = PBXFileReference; lastKnownFileType = file.storyboard; path = Pincode.storyboard; sourceTree = "<group>"; };
		D7CCC06A1FC427FC006A6A4F /* PinNavViewController.swift */ = {isa = PBXFileReference; lastKnownFileType = sourcecode.swift; path = PinNavViewController.swift; sourceTree = "<group>"; };
		D7CCC06C1FC4280F006A6A4F /* PinViewController.swift */ = {isa = PBXFileReference; lastKnownFileType = sourcecode.swift; path = PinViewController.swift; sourceTree = "<group>"; };
		D7CCC06E1FC4346F006A6A4F /* PinScreenViewController.swift */ = {isa = PBXFileReference; lastKnownFileType = sourcecode.swift; path = PinScreenViewController.swift; sourceTree = "<group>"; };
		D7D6FA6A1F7BADA5008A5604 /* UITextFieldExtensions.swift */ = {isa = PBXFileReference; lastKnownFileType = sourcecode.swift; path = UITextFieldExtensions.swift; sourceTree = "<group>"; };
		D7D6FA6D1F7BE423008A5604 /* ValidationHelper.swift */ = {isa = PBXFileReference; lastKnownFileType = sourcecode.swift; path = ValidationHelper.swift; sourceTree = "<group>"; };
		D7DBED961FBC473700D78E2A /* AboutGivt.storyboard */ = {isa = PBXFileReference; lastKnownFileType = file.storyboard; path = AboutGivt.storyboard; sourceTree = "<group>"; };
		D7DBED991FBC483300D78E2A /* BaseNavigationController.swift */ = {isa = PBXFileReference; lastKnownFileType = sourcecode.swift; path = BaseNavigationController.swift; sourceTree = "<group>"; };
		D7DBED9B1FBC484600D78E2A /* AboutViewController.swift */ = {isa = PBXFileReference; lastKnownFileType = sourcecode.swift; path = AboutViewController.swift; sourceTree = "<group>"; };
		D7DBED9D1FBC490E00D78E2A /* UINavigationControllerExtensions.swift */ = {isa = PBXFileReference; lastKnownFileType = sourcecode.swift; path = UINavigationControllerExtensions.swift; sourceTree = "<group>"; };
		D7DBEDA01FBC5D5900D78E2A /* CustomUITextView.swift */ = {isa = PBXFileReference; lastKnownFileType = sourcecode.swift; path = CustomUITextView.swift; sourceTree = "<group>"; };
		D7DBEDA21FBC798A00D78E2A /* UIDeviceExtensions.swift */ = {isa = PBXFileReference; lastKnownFileType = sourcecode.swift; path = UIDeviceExtensions.swift; sourceTree = "<group>"; };
		D7E3CE911F7CF0DA005807BE /* RegistrationUser.swift */ = {isa = PBXFileReference; lastKnownFileType = sourcecode.swift; path = RegistrationUser.swift; sourceTree = "<group>"; };
		D7E3CE931F7CFA34005807BE /* UserExt.swift */ = {isa = PBXFileReference; lastKnownFileType = sourcecode.swift; path = UserExt.swift; sourceTree = "<group>"; };
		D7E3CE951F7D2159005807BE /* SPInfoViewController.swift */ = {isa = PBXFileReference; lastKnownFileType = sourcecode.swift; path = SPInfoViewController.swift; sourceTree = "<group>"; };
		D7E3CE9D1F7D2C5C005807BE /* SPWebViewController.swift */ = {isa = PBXFileReference; lastKnownFileType = sourcecode.swift; path = SPWebViewController.swift; sourceTree = "<group>"; };
		D7E708521FE7FD67002A7770 /* nl */ = {isa = PBXFileReference; lastKnownFileType = text.plist.strings; name = nl; path = nl.lproj/InfoPlist.strings; sourceTree = "<group>"; };
		D7E708531FE7FD68002A7770 /* en */ = {isa = PBXFileReference; lastKnownFileType = text.plist.strings; name = en; path = en.lproj/InfoPlist.strings; sourceTree = "<group>"; };
		D7EAF10B1FB491AD00DFE5CC /* icon.png */ = {isa = PBXFileReference; lastKnownFileType = image.png; path = icon.png; sourceTree = "<group>"; };
		D7EAF10C1FB491AD00DFE5CC /* icon@2x.png */ = {isa = PBXFileReference; lastKnownFileType = image.png; path = "icon@2x.png"; sourceTree = "<group>"; };
		D7EAF10D1FB491B000DFE5CC /* icon@3x.png */ = {isa = PBXFileReference; lastKnownFileType = image.png; path = "icon@3x.png"; sourceTree = "<group>"; };
		D7EE4B621F9F3C430091BF2C /* UIViewControllerExtensions.swift */ = {isa = PBXFileReference; lastKnownFileType = sourcecode.swift; path = UIViewControllerExtensions.swift; sourceTree = "<group>"; };
		D7F131631F7555EC00E25A68 /* RegistrationDetailViewController.swift */ = {isa = PBXFileReference; lastKnownFileType = sourcecode.swift; path = RegistrationDetailViewController.swift; sourceTree = "<group>"; };
		D7F131651F75574D00E25A68 /* Registration.storyboard */ = {isa = PBXFileReference; lastKnownFileType = file.storyboard; path = Registration.storyboard; sourceTree = "<group>"; };
		D7F131671F75593A00E25A68 /* RegistrationViewController.swift */ = {isa = PBXFileReference; lastKnownFileType = sourcecode.swift; path = RegistrationViewController.swift; sourceTree = "<group>"; };
		D7F131691F7559BD00E25A68 /* RegNavigationController.swift */ = {isa = PBXFileReference; lastKnownFileType = sourcecode.swift; path = RegNavigationController.swift; sourceTree = "<group>"; };
		D7F654921FA8B390007816B0 /* PermissionViewController.swift */ = {isa = PBXFileReference; lastKnownFileType = sourcecode.swift; path = PermissionViewController.swift; sourceTree = "<group>"; };
		D7F746B41FD83FC7005354A3 /* CustomModalAnimation.swift */ = {isa = PBXFileReference; lastKnownFileType = sourcecode.swift; path = CustomModalAnimation.swift; sourceTree = "<group>"; };
		D7FB251C1F4D6D2F0011A14E /* AppServices.swift */ = {isa = PBXFileReference; fileEncoding = 4; lastKnownFileType = sourcecode.swift; path = AppServices.swift; sourceTree = "<group>"; };
		D7FB251E1F4F189F0011A14E /* ScanCompleteViewController.swift */ = {isa = PBXFileReference; fileEncoding = 4; lastKnownFileType = sourcecode.swift; path = ScanCompleteViewController.swift; sourceTree = "<group>"; };
		D7FB252E1F5065C20011A14E /* Reachability.swift */ = {isa = PBXFileReference; fileEncoding = 4; lastKnownFileType = sourcecode.swift; path = Reachability.swift; sourceTree = "<group>"; };
		FB19533B1F56DDEC00172CD3 /* Fabric.framework */ = {isa = PBXFileReference; lastKnownFileType = wrapper.framework; path = Fabric.framework; sourceTree = "<group>"; };
		FB19533C1F56DDEC00172CD3 /* Crashlytics.framework */ = {isa = PBXFileReference; lastKnownFileType = wrapper.framework; path = Crashlytics.framework; sourceTree = "<group>"; };
		FB3CE6D31F14CA200055185B /* ios.app */ = {isa = PBXFileReference; explicitFileType = wrapper.application; includeInIndex = 0; path = ios.app; sourceTree = BUILT_PRODUCTS_DIR; };
		FB3CE6D61F14CA200055185B /* AppDelegate.swift */ = {isa = PBXFileReference; lastKnownFileType = sourcecode.swift; path = AppDelegate.swift; sourceTree = "<group>"; };
		FB3CE6E11F14CA200055185B /* Assets.xcassets */ = {isa = PBXFileReference; lastKnownFileType = folder.assetcatalog; path = Assets.xcassets; sourceTree = "<group>"; };
		FB3CE6E61F14CA200055185B /* Info.plist */ = {isa = PBXFileReference; lastKnownFileType = text.plist.xml; path = Info.plist; sourceTree = "<group>"; };
/* End PBXFileReference section */

/* Begin PBXFrameworksBuildPhase section */
		FB3CE6D01F14CA200055185B /* Frameworks */ = {
			isa = PBXFrameworksBuildPhase;
			buildActionMask = 2147483647;
			files = (
				076E20FBE3B8BF04AAFAEDDA /* Pods_ios.framework in Frameworks */,
				FB106210200F8163000B35DE /* NetworkExtension.framework in Frameworks */,
			);
			runOnlyForDeploymentPostprocessing = 0;
		};
/* End PBXFrameworksBuildPhase section */

/* Begin PBXGroup section */
		61CBD683F708395EA563150E /* Pods */ = {
			isa = PBXGroup;
			children = (
				5137859347A8763C7437BABD /* Pods-ios.debug.xcconfig */,
				419F2B5D4C67A498F60F1F8E /* Pods-ios.release.xcconfig */,
				7DF90D94E6F980835D667A53 /* Pods-ios.production.xcconfig */,
			);
			name = Pods;
			sourceTree = "<group>";
		};
		D72B707E1F44832D0022BD29 /* Services */ = {
			isa = PBXGroup;
			children = (
				D740E15B1F4C6328000531BA /* GivtService.swift */,
				D7FB251C1F4D6D2F0011A14E /* AppServices.swift */,
				D7FB252E1F5065C20011A14E /* Reachability.swift */,
				D787AE2A1FCD91680004BDB1 /* LogService.swift */,
				D787AE2E1FCD9EFF0004BDB1 /* Interfaces */,
			);
			path = Services;
			sourceTree = "<group>";
		};
		D740E14E1F4C5328000531BA /* Protocols */ = {
			isa = PBXGroup;
			children = (
				D740E1511F4C537D000531BA /* BeaconServiceProtocol.swift */,
			);
			name = Protocols;
			sourceTree = "<group>";
		};
		D75B2BCD1FCEADCF000B7968 /* APIClients */ = {
			isa = PBXGroup;
			children = (
				D75B2BD01FCEADF4000B7968 /* Interfaces */,
				D75B2BCE1FCEADE8000B7968 /* APIClient.swift */,
				D73E976D1FD000CE00EFD8E1 /* AuthClient.swift */,
			);
			path = APIClients;
			sourceTree = "<group>";
		};
		D75B2BD01FCEADF4000B7968 /* Interfaces */ = {
			isa = PBXGroup;
			children = (
				D75B2BD11FCEAE05000B7968 /* IAPIClient.swift */,
			);
			path = Interfaces;
			sourceTree = "<group>";
		};
		D75F2CCD1FAC69B400F40827 /* Manual giving */ = {
			isa = PBXGroup;
			children = (
				D75F2CCE1FAC69EB00F40827 /* ManualGivingViewController.swift */,
				D75F2CD01FACA73900F40827 /* QRViewController.swift */,
				D79F97721FACC83F0006335A /* SelectOrgViewController.swift */,
			);
			path = "Manual giving";
			sourceTree = "<group>";
		};
		D76A03411FBAFBBD00E338C5 /* First Use */ = {
			isa = PBXGroup;
			children = (
				D751419B1F9799970016B71F /* FirstUseNavigationViewController.swift */,
				D76A03421FBAFBD600E338C5 /* CarouselViewController.swift */,
				D76A03441FBAFC5100E338C5 /* TemplateViewController.swift */,
				D75141971F9798040016B71F /* EmailOnlyViewController.swift */,
				D75141991F9799750016B71F /* FirstUseViewController.swift */,
			);
			path = "First Use";
			sourceTree = "<group>";
		};
		D77667EC1F39F11300649157 /* Managers */ = {
			isa = PBXGroup;
			children = (
				D77667ED1F39F12900649157 /* LoginManager.swift */,
				D788E4771FA08DA700506DA5 /* NavigationManager.swift */,
				D7BB5DA71FD59B4700D12E62 /* InfraManager.swift */,
			);
			path = Managers;
			sourceTree = "<group>";
		};
		D787AE2E1FCD9EFF0004BDB1 /* Interfaces */ = {
			isa = PBXGroup;
			children = (
				D787AE2C1FCD9EFB0004BDB1 /* ILogService.swift */,
			);
			path = Interfaces;
			sourceTree = "<group>";
		};
		D7ADE2491FBC896E00198F28 /* TerminateAccount */ = {
			isa = PBXGroup;
			children = (
				D7ADE24A1FBC899300198F28 /* TerminateAccountViewController.swift */,
				D7ADE24C1FBC8E9300198F28 /* ConfirmationViewController.swift */,
			);
			path = TerminateAccount;
			sourceTree = "<group>";
		};
		D7B715521FD151CD00666262 /* Pages */ = {
			isa = PBXGroup;
			children = (
				D70491941FDA927C00CE5980 /* Welcome.storyboard */,
				D7CCC0671FC427A9006A6A4F /* Pincode.storyboard */,
				D7DBED961FBC473700D78E2A /* AboutGivt.storyboard */,
				D7ADE2471FBC870000198F28 /* TerminateAccount.storyboard */,
				FB3CE6DE1F14CA200055185B /* Main.storyboard */,
				D7F131651F75574D00E25A68 /* Registration.storyboard */,
				D78D44AF1FC6FC0200325CAF /* FAQ.storyboard */,
				D7B7154F1FD0529D00666262 /* Personal.storyboard */,
				D7A64D061FDFDC62005B51B2 /* ForgotPassword.storyboard */,
				D72A89D21FE81FD800C06EF6 /* WhyPersonalData.storyboard */,
				D7AF42FE1FEA61610027EEC1 /* UpdatedTermsPage.storyboard */,
			);
			path = Pages;
			sourceTree = "<group>";
		};
		D7B715531FD151E800666262 /* Custom Views */ = {
			isa = PBXGroup;
			children = (
				D761E9931F166B8D002B849B /* CustomTableView.swift */,
				D761E9A11F17B14D002B849B /* RoundedButton.swift */,
				D761E95F1F15248E002B849B /* SettingsItemViewCells.swift */,
				D761E9AF1F18AC90002B849B /* CustomButton.swift */,
				D754DA321F3AF9E7001B7040 /* CustomUITextField.swift */,
				D77511BC1F713B56004F91F6 /* AgendaNumber.swift */,
				D770E5331FB097FA0079D253 /* ManualOrganisationView.swift */,
				D7DBEDA01FBC5D5900D78E2A /* CustomUITextView.swift */,
				D78D44B31FC7039E00325CAF /* FAQView.swift */,
				D72A89D81FE9164200C06EF6 /* AmountLimit.swift */,
				D782089C2008ADB000AB6DC1 /* ManualGivingOrganisation.swift */,
				D748F5F5206137E400B25BC2 /* TableSectionHeader.swift */,
				D748F5F72061381B00B25BC2 /* TableSectionHeaderView.xib */,
				D748F5FB2061425400B25BC2 /* HistoryTableViewCell.swift */,
				D7C5120D20761DC7002B1618 /* ChooseContextTableViewCell.swift */,
			);
			path = "Custom Views";
			sourceTree = "<group>";
		};
		D7CCC0691FC427E6006A6A4F /* Pincode */ = {
			isa = PBXGroup;
			children = (
				D7CCC06A1FC427FC006A6A4F /* PinNavViewController.swift */,
				D7CCC06C1FC4280F006A6A4F /* PinViewController.swift */,
				D7CCC06E1FC4346F006A6A4F /* PinScreenViewController.swift */,
			);
			path = Pincode;
			sourceTree = "<group>";
		};
		D7D6FA6C1F7BE416008A5604 /* Helpers */ = {
			isa = PBXGroup;
			children = (
				D7D6FA6D1F7BE423008A5604 /* ValidationHelper.swift */,
			);
			name = Helpers;
			sourceTree = "<group>";
		};
		D7DBED981FBC476900D78E2A /* About */ = {
			isa = PBXGroup;
			children = (
				D7DBED991FBC483300D78E2A /* BaseNavigationController.swift */,
				D7DBED9B1FBC484600D78E2A /* AboutViewController.swift */,
			);
			path = About;
			sourceTree = "<group>";
		};
		D7DBED9F1FBC4AB000D78E2A /* Menu */ = {
			isa = PBXGroup;
			children = (
				D7F746D51FD94337005354A3 /* Amount Limit */,
				D7B7154D1FD0527E00666262 /* PersonalInfoViewController.swift */,
				D7CCC0691FC427E6006A6A4F /* Pincode */,
				D7ADE2491FBC896E00198F28 /* TerminateAccount */,
				D70F82D31F67E8E5001CEC90 /* HistoryViewController.swift */,
				D7DBED981FBC476900D78E2A /* About */,
				D75AA195200CBFD5006E09BB /* TaxesViewController.swift */,
			);
			path = Menu;
			sourceTree = "<group>";
		};
		D7F746B31FD83F9F005354A3 /* Transitions */ = {
			isa = PBXGroup;
			children = (
				D7F746B41FD83FC7005354A3 /* CustomModalAnimation.swift */,
				D72BD5431FDECA0B001481B1 /* ModalFromRightAnimation.swift */,
			);
			path = Transitions;
			sourceTree = "<group>";
		};
		D7F746D41FD94227005354A3 /* SplashScreen */ = {
			isa = PBXGroup;
			children = (
				D72A89D01FE8050A00C06EF6 /* LaunchScreen.storyboard */,
			);
			path = SplashScreen;
			sourceTree = "<group>";
		};
		D7F746D51FD94337005354A3 /* Amount Limit */ = {
			isa = PBXGroup;
			children = (
				D731EACC1F792D7400F5116C /* AmountLimitNavigationViewController.swift */,
				D76022071F56F06600C24AB6 /* AmountLimitViewController.swift */,
			);
			path = "Amount Limit";
			sourceTree = "<group>";
		};
		D7F746D61FD9435C005354A3 /* Modals */ = {
			isa = PBXGroup;
			children = (
				D78D44B11FC6FCD700325CAF /* FAQViewController.swift */,
				D782F2E31F7D331B00348D7A /* TermsViewController.swift */,
				D72A89D61FE820F000C06EF6 /* InfoRegistrationViewController.swift */,
			);
			path = Modals;
			sourceTree = "<group>";
		};
		D7F746D71FD94390005354A3 /* Login */ = {
			isa = PBXGroup;
			children = (
				D73CA1C21F38B4C30059A296 /* LoginViewController.swift */,
				D731EACE1F79300300F5116C /* LoginNavigationViewController.swift */,
				D7A64D081FDFDE2E005B51B2 /* ForgotPasswordViewController.swift */,
				D72B197B1FE2B19C00EE3FDE /* ForgotPasswordCompleteViewController.swift */,
			);
			path = Login;
			sourceTree = "<group>";
		};
		D7F746D81FD943B8005354A3 /* Give Flow */ = {
			isa = PBXGroup;
			children = (
				D761E9B61F18B89D002B849B /* AmountViewController.swift */,
				D761E9BB1F18CE0C002B849B /* ScanViewController.swift */,
				D7FB251E1F4F189F0011A14E /* ScanCompleteViewController.swift */,
				D726298C1FFBD10C00743224 /* BaseScanViewController.swift */,
				D7CAB10320875E9F004139CB /* CelebrateViewController.swift */,
			);
			path = "Give Flow";
			sourceTree = "<group>";
		};
		D7F746D91FD943F6005354A3 /* Registration */ = {
			isa = PBXGroup;
			children = (
				D7F131691F7559BD00E25A68 /* RegNavigationController.swift */,
				D7F131671F75593A00E25A68 /* RegistrationViewController.swift */,
				D7F131631F7555EC00E25A68 /* RegistrationDetailViewController.swift */,
				D7F654921FA8B390007816B0 /* PermissionViewController.swift */,
				D7E3CE951F7D2159005807BE /* SPInfoViewController.swift */,
				D7E3CE9D1F7D2C5C005807BE /* SPWebViewController.swift */,
				D782F3071F7D8CFB00348D7A /* FinalRegistrationViewController.swift */,
			);
			path = Registration;
			sourceTree = "<group>";
		};
		D7F746DA1FD94466005354A3 /* Views */ = {
			isa = PBXGroup;
			children = (
				D7F746D41FD94227005354A3 /* SplashScreen */,
				D7B715531FD151E800666262 /* Custom Views */,
				D7B715521FD151CD00666262 /* Pages */,
			);
			path = Views;
			sourceTree = "<group>";
		};
		D7F746DC1FD9447C005354A3 /* Models */ = {
			isa = PBXGroup;
			children = (
				D761E9621F161207002B849B /* Setting.swift */,
				D7E3CE911F7CF0DA005807BE /* RegistrationUser.swift */,
				D7E3CE931F7CFA34005807BE /* UserExt.swift */,
				D721F19B1F7E3EF8000B9546 /* Mandate.swift */,
				D77FC1BD1F86668A0031C49F /* Country.swift */,
				D748F5FF2063D4A500B25BC2 /* Status.swift */,
				D748F6012063D4BF00B25BC2 /* HistoryTransaction.swift */,
				D748F6032063D50C00B25BC2 /* HistoryTableViewModel.swift */,
				D7BC58D520776361008C9497 /* Context.swift */,
			);
			path = Models;
			sourceTree = "<group>";
		};
		D7F746DD1FD9449A005354A3 /* ViewControllers */ = {
			isa = PBXGroup;
			children = (
				D7F746D81FD943B8005354A3 /* Give Flow */,
				D7F746D71FD94390005354A3 /* Login */,
				D7F746D61FD9435C005354A3 /* Modals */,
				D7DBED9F1FBC4AB000D78E2A /* Menu */,
				D76A03411FBAFBBD00E338C5 /* First Use */,
				D75F2CCD1FAC69B400F40827 /* Manual giving */,
				D7F746D91FD943F6005354A3 /* Registration */,
				D761E99F1F167798002B849B /* BaseViewController.swift */,
				D721F1991F7E2D4B000B9546 /* CustomViewController.swift */,
				D7AF43001FEA66B40027EEC1 /* UpdatedTermsPageViewController.swift */,
				D7AF43021FEA8E680027EEC1 /* PlaceholderViewController.swift */,
				D782E68E20064A680086907E /* SettingsViewController.swift */,
				D7C5120B20761D51002B1618 /* ChooseContextViewController.swift */,
			);
			path = ViewControllers;
			sourceTree = "<group>";
		};
		D7F746DE1FD944AE005354A3 /* images */ = {
			isa = PBXGroup;
			children = (
				D787BE78208DCA6A00E20873 /* celebration.gif */,
				D7EAF10B1FB491AD00DFE5CC /* icon.png */,
				D7EAF10C1FB491AD00DFE5CC /* icon@2x.png */,
				D7EAF10D1FB491B000DFE5CC /* icon@3x.png */,
				D75141A61F9E130C0016B71F /* givt_animation.gif */,
				D75141A51F9E130C0016B71F /* givt_registration.gif */,
			);
			path = images;
			sourceTree = "<group>";
		};
		D7F746E01FD944C4005354A3 /* Extensions */ = {
			isa = PBXGroup;
			children = (
				D761E9B91F18C5C6002B849B /* StringExtensions.swift */,
				D761E9BE1F18CFE4002B849B /* UIColorExtensions.swift */,
				D73CA1C61F39BD970059A296 /* UserDefaultsExtensions.swift */,
				D754DA3A1F3B45D5001B7040 /* UIButtonExtensions.swift */,
				D7335B2D1F45923F00B57AE0 /* UIImageExtensions.swift */,
				D77511BA1F711231004F91F6 /* DateExtensions.swift */,
				D7D6FA6A1F7BADA5008A5604 /* UITextFieldExtensions.swift */,
				D7EE4B621F9F3C430091BF2C /* UIViewControllerExtensions.swift */,
				D7DBED9D1FBC490E00D78E2A /* UINavigationControllerExtensions.swift */,
				D7DBEDA21FBC798A00D78E2A /* UIDeviceExtensions.swift */,
				D782089E2008BE6000AB6DC1 /* ArrayExtensions.swift */,
				D78208A02008BE7900AB6DC1 /* CollectionExtensions.swift */,
			);
			path = Extensions;
			sourceTree = "<group>";
		};
		FB07A9651F14D9F300FD9C1A /* Frameworks */ = {
			isa = PBXGroup;
			children = (
				D782F2E71F7D37A400348D7A /* NetworkExtension.framework */,
				FB19533B1F56DDEC00172CD3 /* Fabric.framework */,
				FB19533C1F56DDEC00172CD3 /* Crashlytics.framework */,
				A31725F87D2D9EDE08EEAEB4 /* Pods_ios.framework */,
			);
			name = Frameworks;
			sourceTree = "<group>";
		};
		FB3CE6CA1F14CA1F0055185B = {
			isa = PBXGroup;
			children = (
				FB3CE6D51F14CA200055185B /* ios */,
				FB3CE6D41F14CA200055185B /* Products */,
				FB07A9651F14D9F300FD9C1A /* Frameworks */,
				61CBD683F708395EA563150E /* Pods */,
			);
			sourceTree = "<group>";
		};
		FB3CE6D41F14CA200055185B /* Products */ = {
			isa = PBXGroup;
			children = (
				FB3CE6D31F14CA200055185B /* ios.app */,
			);
			name = Products;
			sourceTree = "<group>";
		};
		FB3CE6D51F14CA200055185B /* ios */ = {
			isa = PBXGroup;
			children = (
				D7F746B31FD83F9F005354A3 /* Transitions */,
				D75B2BCD1FCEADCF000B7968 /* APIClients */,
				D7D6FA6C1F7BE416008A5604 /* Helpers */,
				D76021DE1F56B4DD00C24AB6 /* ios.entitlements */,
				D740E14E1F4C5328000531BA /* Protocols */,
				D72B707E1F44832D0022BD29 /* Services */,
				D77667EC1F39F11300649157 /* Managers */,
				D7F746E01FD944C4005354A3 /* Extensions */,
				D761E9B21F18B450002B849B /* entypo.ttf */,
				D761E9B41F18B602002B849B /* zocial-regular-webfont.ttf */,
				D7F746DD1FD9449A005354A3 /* ViewControllers */,
				D7F746DC1FD9447C005354A3 /* Models */,
				D7F746DA1FD94466005354A3 /* Views */,
				D7F746DE1FD944AE005354A3 /* images */,
				FB3CE6D61F14CA200055185B /* AppDelegate.swift */,
				FB3CE6E11F14CA200055185B /* Assets.xcassets */,
				FB3CE6E61F14CA200055185B /* Info.plist */,
				D761E9C41F20CFA6002B849B /* Localizable.strings */,
				D7E708511FE7FD67002A7770 /* InfoPlist.strings */,
				D73CA1C41F39BA360059A296 /* AppConstants.swift */,
			);
			path = ios;
			sourceTree = "<group>";
		};
/* End PBXGroup section */

/* Begin PBXNativeTarget section */
		FB3CE6D21F14CA200055185B /* ios */ = {
			isa = PBXNativeTarget;
			buildConfigurationList = FB3CE6E91F14CA200055185B /* Build configuration list for PBXNativeTarget "ios" */;
			buildPhases = (
				E2633E18AD078D6C0397369F /* [CP] Check Pods Manifest.lock */,
				FB3CE6CF1F14CA200055185B /* Sources */,
				FB3CE6D01F14CA200055185B /* Frameworks */,
				FB3CE6D11F14CA200055185B /* Resources */,
				FB07A9611F14D97200FD9C1A /* Embed Frameworks */,
				FB07A9621F14D98300FD9C1A /* CopyFiles */,
				659DE9286974F2CA2FB67EB4 /* [CP] Embed Pods Frameworks */,
				08120246E96A28C70D6AF7FF /* [CP] Copy Pods Resources */,
			);
			buildRules = (
			);
			dependencies = (
			);
			name = ios;
			productName = ios;
			productReference = FB3CE6D31F14CA200055185B /* ios.app */;
			productType = "com.apple.product-type.application";
		};
/* End PBXNativeTarget section */

/* Begin PBXProject section */
		FB3CE6CB1F14CA1F0055185B /* Project object */ = {
			isa = PBXProject;
			attributes = {
				LastSwiftUpdateCheck = 0820;
				LastUpgradeCheck = 0900;
				ORGANIZATIONNAME = Givt;
				TargetAttributes = {
					FB3CE6D21F14CA200055185B = {
						CreatedOnToolsVersion = 8.2.1;
						DevelopmentTeam = YDSA4AY496;
						LastSwiftMigration = 0920;
						ProvisioningStyle = Manual;
						SystemCapabilities = {
							com.apple.BackgroundModes = {
								enabled = 1;
							};
							com.apple.NetworkExtensions.iOS = {
								enabled = 1;
							};
							com.apple.Push = {
								enabled = 1;
							};
							com.apple.SafariKeychain = {
								enabled = 1;
							};
							com.apple.WAC = {
								enabled = 0;
							};
						};
					};
				};
			};
			buildConfigurationList = FB3CE6CE1F14CA1F0055185B /* Build configuration list for PBXProject "ios" */;
			compatibilityVersion = "Xcode 3.2";
			developmentRegion = nl;
			hasScannedForEncodings = 0;
			knownRegions = (
				nl,
				en,
			);
			mainGroup = FB3CE6CA1F14CA1F0055185B;
			productRefGroup = FB3CE6D41F14CA200055185B /* Products */;
			projectDirPath = "";
			projectRoot = "";
			targets = (
				FB3CE6D21F14CA200055185B /* ios */,
			);
		};
/* End PBXProject section */

/* Begin PBXResourcesBuildPhase section */
		FB3CE6D11F14CA200055185B /* Resources */ = {
			isa = PBXResourcesBuildPhase;
			buildActionMask = 2147483647;
			files = (
				D75141A71F9E181A0016B71F /* givt_animation.gif in Resources */,
				D75141A81F9E181A0016B71F /* givt_registration.gif in Resources */,
				D7F131661F75574D00E25A68 /* Registration.storyboard in Resources */,
				D787BE79208DCA6B00E20873 /* celebration.gif in Resources */,
				D72A89D31FE81FD800C06EF6 /* WhyPersonalData.storyboard in Resources */,
				D7EAF10F1FB491B000DFE5CC /* icon@2x.png in Resources */,
				D7B715501FD0529D00666262 /* Personal.storyboard in Resources */,
				D761E9B51F18B602002B849B /* zocial-regular-webfont.ttf in Resources */,
				D7AF42FF1FEA61610027EEC1 /* UpdatedTermsPage.storyboard in Resources */,
				D7EAF10E1FB491B000DFE5CC /* icon.png in Resources */,
				D7ADE2481FBC870000198F28 /* TerminateAccount.storyboard in Resources */,
				D748F5F82061381B00B25BC2 /* TableSectionHeaderView.xib in Resources */,
				D7DBED971FBC473700D78E2A /* AboutGivt.storyboard in Resources */,
				D7EAF1101FB491B000DFE5CC /* icon@3x.png in Resources */,
				D7E708541FE7FD68002A7770 /* InfoPlist.strings in Resources */,
				D7CCC0681FC427A9006A6A4F /* Pincode.storyboard in Resources */,
				D78D44B01FC6FC0200325CAF /* FAQ.storyboard in Resources */,
				D72A89D11FE8050A00C06EF6 /* LaunchScreen.storyboard in Resources */,
				FB3CE6E21F14CA200055185B /* Assets.xcassets in Resources */,
				D70491961FDA927C00CE5980 /* Welcome.storyboard in Resources */,
				D761E9C21F20CFA6002B849B /* Localizable.strings in Resources */,
				D7A64D071FDFDC62005B51B2 /* ForgotPassword.storyboard in Resources */,
				D761E9B31F18B55C002B849B /* entypo.ttf in Resources */,
				FB3CE6E01F14CA200055185B /* Main.storyboard in Resources */,
			);
			runOnlyForDeploymentPostprocessing = 0;
		};
/* End PBXResourcesBuildPhase section */

/* Begin PBXShellScriptBuildPhase section */
		08120246E96A28C70D6AF7FF /* [CP] Copy Pods Resources */ = {
			isa = PBXShellScriptBuildPhase;
			buildActionMask = 2147483647;
			files = (
			);
			inputPaths = (
			);
			name = "[CP] Copy Pods Resources";
			outputPaths = (
			);
			runOnlyForDeploymentPostprocessing = 0;
			shellPath = /bin/sh;
			shellScript = "\"${SRCROOT}/Pods/Target Support Files/Pods-ios/Pods-ios-resources.sh\"\n";
			showEnvVarsInLog = 0;
		};
		659DE9286974F2CA2FB67EB4 /* [CP] Embed Pods Frameworks */ = {
			isa = PBXShellScriptBuildPhase;
			buildActionMask = 2147483647;
			files = (
			);
			inputPaths = (
				"${SRCROOT}/Pods/Target Support Files/Pods-ios/Pods-ios-frameworks.sh",
				"${BUILT_PRODUCTS_DIR}/LGSideMenuController/LGSideMenuController.framework",
				"${BUILT_PRODUCTS_DIR}/MaterialShowcase/MaterialShowcase.framework",
				"${BUILT_PRODUCTS_DIR}/PhoneNumberKit/PhoneNumberKit.framework",
				"${BUILT_PRODUCTS_DIR}/SVProgressHUD/SVProgressHUD.framework",
				"${BUILT_PRODUCTS_DIR}/SwiftClient/SwiftClient.framework",
				"${BUILT_PRODUCTS_DIR}/SwipeCellKit/SwipeCellKit.framework",
				"${BUILT_PRODUCTS_DIR}/TrustKit/TrustKit.framework",
			);
			name = "[CP] Embed Pods Frameworks";
			outputPaths = (
				"${TARGET_BUILD_DIR}/${FRAMEWORKS_FOLDER_PATH}/LGSideMenuController.framework",
				"${TARGET_BUILD_DIR}/${FRAMEWORKS_FOLDER_PATH}/MaterialShowcase.framework",
				"${TARGET_BUILD_DIR}/${FRAMEWORKS_FOLDER_PATH}/PhoneNumberKit.framework",
				"${TARGET_BUILD_DIR}/${FRAMEWORKS_FOLDER_PATH}/SVProgressHUD.framework",
				"${TARGET_BUILD_DIR}/${FRAMEWORKS_FOLDER_PATH}/SwiftClient.framework",
				"${TARGET_BUILD_DIR}/${FRAMEWORKS_FOLDER_PATH}/SwipeCellKit.framework",
				"${TARGET_BUILD_DIR}/${FRAMEWORKS_FOLDER_PATH}/TrustKit.framework",
			);
			runOnlyForDeploymentPostprocessing = 0;
			shellPath = /bin/sh;
			shellScript = "\"${SRCROOT}/Pods/Target Support Files/Pods-ios/Pods-ios-frameworks.sh\"\n";
			showEnvVarsInLog = 0;
		};
		E2633E18AD078D6C0397369F /* [CP] Check Pods Manifest.lock */ = {
			isa = PBXShellScriptBuildPhase;
			buildActionMask = 2147483647;
			files = (
			);
			inputPaths = (
				"${PODS_PODFILE_DIR_PATH}/Podfile.lock",
				"${PODS_ROOT}/Manifest.lock",
			);
			name = "[CP] Check Pods Manifest.lock";
			outputPaths = (
				"$(DERIVED_FILE_DIR)/Pods-ios-checkManifestLockResult.txt",
			);
			runOnlyForDeploymentPostprocessing = 0;
			shellPath = /bin/sh;
			shellScript = "diff \"${PODS_PODFILE_DIR_PATH}/Podfile.lock\" \"${PODS_ROOT}/Manifest.lock\" > /dev/null\nif [ $? != 0 ] ; then\n    # print error to STDERR\n    echo \"error: The sandbox is not in sync with the Podfile.lock. Run 'pod install' or update your CocoaPods installation.\" >&2\n    exit 1\nfi\n# This output is used by Xcode 'outputs' to avoid re-running this script phase.\necho \"SUCCESS\" > \"${SCRIPT_OUTPUT_FILE_0}\"\n";
			showEnvVarsInLog = 0;
		};
/* End PBXShellScriptBuildPhase section */

/* Begin PBXSourcesBuildPhase section */
		FB3CE6CF1F14CA200055185B /* Sources */ = {
			isa = PBXSourcesBuildPhase;
			buildActionMask = 2147483647;
			files = (
				D72A89D91FE9164200C06EF6 /* AmountLimit.swift in Sources */,
				D7ADE24B1FBC899300198F28 /* TerminateAccountViewController.swift in Sources */,
				D72A89D71FE820F000C06EF6 /* InfoRegistrationViewController.swift in Sources */,
				D7C5120C20761D51002B1618 /* ChooseContextViewController.swift in Sources */,
				D75AA196200CBFD5006E09BB /* TaxesViewController.swift in Sources */,
				D7E3CE921F7CF0DA005807BE /* RegistrationUser.swift in Sources */,
				D726298D1FFBD10C00743224 /* BaseScanViewController.swift in Sources */,
				D731EACD1F792D7400F5116C /* AmountLimitNavigationViewController.swift in Sources */,
				D7335B2E1F45923F00B57AE0 /* UIImageExtensions.swift in Sources */,
				D740E1521F4C537D000531BA /* BeaconServiceProtocol.swift in Sources */,
				D761E9A01F167798002B849B /* BaseViewController.swift in Sources */,
				D76A03451FBAFC5100E338C5 /* TemplateViewController.swift in Sources */,
				D7A64D091FDFDE2E005B51B2 /* ForgotPasswordViewController.swift in Sources */,
				D7F131641F7555EC00E25A68 /* RegistrationDetailViewController.swift in Sources */,
				D7BC58D620776361008C9497 /* Context.swift in Sources */,
				D77511BD1F713B56004F91F6 /* AgendaNumber.swift in Sources */,
				D7DBEDA11FBC5D5900D78E2A /* CustomUITextView.swift in Sources */,
				D7D6FA6B1F7BADA5008A5604 /* UITextFieldExtensions.swift in Sources */,
				D731EACF1F79300300F5116C /* LoginNavigationViewController.swift in Sources */,
				D7E3CE9E1F7D2C5C005807BE /* SPWebViewController.swift in Sources */,
				D70F82D41F67E8E5001CEC90 /* HistoryViewController.swift in Sources */,
				D77FC1BE1F86668A0031C49F /* Country.swift in Sources */,
				D73CA1C31F38B4C30059A296 /* LoginViewController.swift in Sources */,
				D7DBEDA31FBC798A00D78E2A /* UIDeviceExtensions.swift in Sources */,
				D782E68F20064A680086907E /* SettingsViewController.swift in Sources */,
				D740E15C1F4C6328000531BA /* GivtService.swift in Sources */,
				D7FB251D1F4D6D2F0011A14E /* AppServices.swift in Sources */,
				D782089F2008BE6000AB6DC1 /* ArrayExtensions.swift in Sources */,
				D761E9B71F18B89D002B849B /* AmountViewController.swift in Sources */,
				D7CCC06B1FC427FC006A6A4F /* PinNavViewController.swift in Sources */,
				D748F6002063D4A500B25BC2 /* Status.swift in Sources */,
				D77667EE1F39F12900649157 /* LoginManager.swift in Sources */,
				D7FB251F1F4F189F0011A14E /* ScanCompleteViewController.swift in Sources */,
				D7AF43011FEA66B40027EEC1 /* UpdatedTermsPageViewController.swift in Sources */,
				D787AE2B1FCD91680004BDB1 /* LogService.swift in Sources */,
				D75141981F9798040016B71F /* EmailOnlyViewController.swift in Sources */,
				D7EE4B631F9F3C430091BF2C /* UIViewControllerExtensions.swift in Sources */,
				D7DBED9A1FBC483300D78E2A /* BaseNavigationController.swift in Sources */,
				D754DA331F3AF9E7001B7040 /* CustomUITextField.swift in Sources */,
				D7CAB10420875E9F004139CB /* CelebrateViewController.swift in Sources */,
				D761E9BC1F18CE0C002B849B /* ScanViewController.swift in Sources */,
				D72BD5441FDECA0B001481B1 /* ModalFromRightAnimation.swift in Sources */,
				D7ADE24D1FBC8E9300198F28 /* ConfirmationViewController.swift in Sources */,
				D7F654931FA8B390007816B0 /* PermissionViewController.swift in Sources */,
				D7B7154E1FD0527E00666262 /* PersonalInfoViewController.swift in Sources */,
				D7AF43031FEA8E680027EEC1 /* PlaceholderViewController.swift in Sources */,
				D7D6FA6E1F7BE423008A5604 /* ValidationHelper.swift in Sources */,
				D75B2BCF1FCEADE8000B7968 /* APIClient.swift in Sources */,
				D761E9BF1F18CFE4002B849B /* UIColorExtensions.swift in Sources */,
				D721F19A1F7E2D4B000B9546 /* CustomViewController.swift in Sources */,
				D7CCC06F1FC4346F006A6A4F /* PinScreenViewController.swift in Sources */,
				D76022081F56F06600C24AB6 /* AmountLimitViewController.swift in Sources */,
				D787AE2D1FCD9EFB0004BDB1 /* ILogService.swift in Sources */,
				FB3CE6D71F14CA200055185B /* AppDelegate.swift in Sources */,
				D7FB252F1F5065C20011A14E /* Reachability.swift in Sources */,
				D761E9B01F18AC90002B849B /* CustomButton.swift in Sources */,
				D7E3CE961F7D2159005807BE /* SPInfoViewController.swift in Sources */,
				D748F5FC2061425400B25BC2 /* HistoryTableViewCell.swift in Sources */,
				D761E9A21F17B14D002B849B /* RoundedButton.swift in Sources */,
				D76A03431FBAFBD600E338C5 /* CarouselViewController.swift in Sources */,
				D7DBED9E1FBC490E00D78E2A /* UINavigationControllerExtensions.swift in Sources */,
				D761E9941F166B8D002B849B /* CustomTableView.swift in Sources */,
				D721F19C1F7E3EF8000B9546 /* Mandate.swift in Sources */,
				D782F2E41F7D331B00348D7A /* TermsViewController.swift in Sources */,
				D72B197C1FE2B19C00EE3FDE /* ForgotPasswordCompleteViewController.swift in Sources */,
				D782F3081F7D8CFB00348D7A /* FinalRegistrationViewController.swift in Sources */,
				D751419A1F9799750016B71F /* FirstUseViewController.swift in Sources */,
				D75B2BD21FCEAE05000B7968 /* IAPIClient.swift in Sources */,
				D75F2CCF1FAC69EB00F40827 /* ManualGivingViewController.swift in Sources */,
				D7F746B51FD83FC7005354A3 /* CustomModalAnimation.swift in Sources */,
				D7DBED9C1FBC484600D78E2A /* AboutViewController.swift in Sources */,
				D754DA3B1F3B45D5001B7040 /* UIButtonExtensions.swift in Sources */,
				D73CA1C51F39BA360059A296 /* AppConstants.swift in Sources */,
				D761E9BA1F18C5C6002B849B /* StringExtensions.swift in Sources */,
				D78D44B21FC6FCD700325CAF /* FAQViewController.swift in Sources */,
				D78D44B41FC7039E00325CAF /* FAQView.swift in Sources */,
				D7CCC06D1FC4280F006A6A4F /* PinViewController.swift in Sources */,
				D788E4781FA08DA700506DA5 /* NavigationManager.swift in Sources */,
				D7BB5DA81FD59B4700D12E62 /* InfraManager.swift in Sources */,
				D79F97731FACC83F0006335A /* SelectOrgViewController.swift in Sources */,
				D75F2CD11FACA73900F40827 /* QRViewController.swift in Sources */,
				D7F131681F75593A00E25A68 /* RegistrationViewController.swift in Sources */,
				D73CA1C71F39BD970059A296 /* UserDefaultsExtensions.swift in Sources */,
				D7C5120E20761DC7002B1618 /* ChooseContextTableViewCell.swift in Sources */,
				D748F6042063D50C00B25BC2 /* HistoryTableViewModel.swift in Sources */,
				D748F5F6206137E400B25BC2 /* TableSectionHeader.swift in Sources */,
				D751419C1F9799970016B71F /* FirstUseNavigationViewController.swift in Sources */,
				D761E9631F161207002B849B /* Setting.swift in Sources */,
				D761E9601F15248E002B849B /* SettingsItemViewCells.swift in Sources */,
				D7E3CE941F7CFA34005807BE /* UserExt.swift in Sources */,
				D73E976E1FD000CE00EFD8E1 /* AuthClient.swift in Sources */,
				D77511BB1F711231004F91F6 /* DateExtensions.swift in Sources */,
				D770E5341FB097FA0079D253 /* ManualOrganisationView.swift in Sources */,
				D7F1316A1F7559BD00E25A68 /* RegNavigationController.swift in Sources */,
				D78208A12008BE7900AB6DC1 /* CollectionExtensions.swift in Sources */,
				D782089D2008ADB000AB6DC1 /* ManualGivingOrganisation.swift in Sources */,
				D748F6022063D4BF00B25BC2 /* HistoryTransaction.swift in Sources */,
			);
			runOnlyForDeploymentPostprocessing = 0;
		};
/* End PBXSourcesBuildPhase section */

/* Begin PBXVariantGroup section */
		D70491941FDA927C00CE5980 /* Welcome.storyboard */ = {
			isa = PBXVariantGroup;
			children = (
				D72B197F1FE2E4F800EE3FDE /* nl */,
			);
			name = Welcome.storyboard;
			sourceTree = "<group>";
		};
		D761E9C41F20CFA6002B849B /* Localizable.strings */ = {
			isa = PBXVariantGroup;
			children = (
				D761E9C61F20D341002B849B /* nl */,
				D72B19811FE3016700EE3FDE /* en */,
			);
			name = Localizable.strings;
			sourceTree = "<group>";
		};
		D7E708511FE7FD67002A7770 /* InfoPlist.strings */ = {
			isa = PBXVariantGroup;
			children = (
				D7E708521FE7FD67002A7770 /* nl */,
				D7E708531FE7FD68002A7770 /* en */,
			);
			name = InfoPlist.strings;
			sourceTree = "<group>";
		};
		FB3CE6DE1F14CA200055185B /* Main.storyboard */ = {
			isa = PBXVariantGroup;
			children = (
				D72B197D1FE2E4F700EE3FDE /* nl */,
			);
			name = Main.storyboard;
			sourceTree = "<group>";
		};
/* End PBXVariantGroup section */

/* Begin XCBuildConfiguration section */
		FB10620E200CFFA1000B35DE /* Production */ = {
			isa = XCBuildConfiguration;
			buildSettings = {
				ALWAYS_SEARCH_USER_PATHS = NO;
				CLANG_ANALYZER_LOCALIZABILITY_NONLOCALIZED = YES;
				CLANG_ANALYZER_NONNULL = YES;
				CLANG_CXX_LANGUAGE_STANDARD = "gnu++0x";
				CLANG_CXX_LIBRARY = "libc++";
				CLANG_ENABLE_MODULES = YES;
				CLANG_ENABLE_OBJC_ARC = YES;
				CLANG_WARN_BLOCK_CAPTURE_AUTORELEASING = YES;
				CLANG_WARN_BOOL_CONVERSION = YES;
				CLANG_WARN_COMMA = YES;
				CLANG_WARN_CONSTANT_CONVERSION = YES;
				CLANG_WARN_DIRECT_OBJC_ISA_USAGE = YES_ERROR;
				CLANG_WARN_DOCUMENTATION_COMMENTS = YES;
				CLANG_WARN_EMPTY_BODY = YES;
				CLANG_WARN_ENUM_CONVERSION = YES;
				CLANG_WARN_INFINITE_RECURSION = YES;
				CLANG_WARN_INT_CONVERSION = YES;
				CLANG_WARN_NON_LITERAL_NULL_CONVERSION = YES;
				CLANG_WARN_OBJC_LITERAL_CONVERSION = YES;
				CLANG_WARN_OBJC_ROOT_CLASS = YES_ERROR;
				CLANG_WARN_RANGE_LOOP_ANALYSIS = YES;
				CLANG_WARN_STRICT_PROTOTYPES = YES;
				CLANG_WARN_SUSPICIOUS_MOVE = YES;
				CLANG_WARN_UNREACHABLE_CODE = YES;
				CLANG_WARN__DUPLICATE_METHOD_MATCH = YES;
				"CODE_SIGN_IDENTITY[sdk=iphoneos*]" = "iPhone Developer";
				COPY_PHASE_STRIP = NO;
				DEBUG_INFORMATION_FORMAT = "dwarf-with-dsym";
				ENABLE_BITCODE = NO;
				ENABLE_NS_ASSERTIONS = NO;
				ENABLE_STRICT_OBJC_MSGSEND = YES;
				GCC_C_LANGUAGE_STANDARD = gnu99;
				GCC_NO_COMMON_BLOCKS = YES;
				GCC_PREPROCESSOR_DEFINITIONS = "PRODUCTION=1";
				GCC_WARN_64_TO_32_BIT_CONVERSION = YES;
				GCC_WARN_ABOUT_RETURN_TYPE = YES_ERROR;
				GCC_WARN_UNDECLARED_SELECTOR = YES;
				GCC_WARN_UNINITIALIZED_AUTOS = YES_AGGRESSIVE;
				GCC_WARN_UNUSED_FUNCTION = YES;
				GCC_WARN_UNUSED_VARIABLE = YES;
				IPHONEOS_DEPLOYMENT_TARGET = 9.0;
				MTL_ENABLE_DEBUG_INFO = NO;
				SDKROOT = iphoneos;
				STRIP_BITCODE_FROM_COPIED_FILES = NO;
				SWIFT_ACTIVE_COMPILATION_CONDITIONS = PRODUCTION;
				SWIFT_OPTIMIZATION_LEVEL = "-Owholemodule";
				VALIDATE_PRODUCT = YES;
			};
			name = Production;
		};
		FB10620F200CFFA1000B35DE /* Production */ = {
			isa = XCBuildConfiguration;
			baseConfigurationReference = 7DF90D94E6F980835D667A53 /* Pods-ios.production.xcconfig */;
			buildSettings = {
				ASSETCATALOG_COMPILER_APPICON_NAME = AppIcon;
				CLANG_ENABLE_MODULES = YES;
				CODE_SIGN_ENTITLEMENTS = ios/ios.entitlements;
				CODE_SIGN_IDENTITY = "iPhone Distribution";
				"CODE_SIGN_IDENTITY[sdk=iphoneos*]" = "iPhone Distribution";
				CODE_SIGN_STYLE = Manual;
				DEVELOPMENT_TEAM = YDSA4AY496;
				ENABLE_BITCODE = NO;
				INFOPLIST_FILE = ios/Info.plist;
				IPHONEOS_DEPLOYMENT_TARGET = 9.0;
				PRODUCT_BUNDLE_IDENTIFIER = net.givtapp.ios;
				PRODUCT_NAME = "$(TARGET_NAME)";
				PROVISIONING_PROFILE = "";
				PROVISIONING_PROFILE_SPECIFIER = "Givt Universal";
				SWIFT_SWIFT3_OBJC_INFERENCE = On;
				SWIFT_VERSION = 4.0;
				TARGETED_DEVICE_FAMILY = "1,2";
			};
			name = Production;
		};
		FB3CE6E71F14CA200055185B /* Debug */ = {
			isa = XCBuildConfiguration;
			buildSettings = {
				ALWAYS_SEARCH_USER_PATHS = NO;
				CLANG_ANALYZER_LOCALIZABILITY_NONLOCALIZED = YES;
				CLANG_ANALYZER_NONNULL = YES;
				CLANG_CXX_LANGUAGE_STANDARD = "gnu++0x";
				CLANG_CXX_LIBRARY = "libc++";
				CLANG_ENABLE_MODULES = YES;
				CLANG_ENABLE_OBJC_ARC = YES;
				CLANG_WARN_BLOCK_CAPTURE_AUTORELEASING = YES;
				CLANG_WARN_BOOL_CONVERSION = YES;
				CLANG_WARN_COMMA = YES;
				CLANG_WARN_CONSTANT_CONVERSION = YES;
				CLANG_WARN_DIRECT_OBJC_ISA_USAGE = YES_ERROR;
				CLANG_WARN_DOCUMENTATION_COMMENTS = YES;
				CLANG_WARN_EMPTY_BODY = YES;
				CLANG_WARN_ENUM_CONVERSION = YES;
				CLANG_WARN_INFINITE_RECURSION = YES;
				CLANG_WARN_INT_CONVERSION = YES;
				CLANG_WARN_NON_LITERAL_NULL_CONVERSION = YES;
				CLANG_WARN_OBJC_LITERAL_CONVERSION = YES;
				CLANG_WARN_OBJC_ROOT_CLASS = YES_ERROR;
				CLANG_WARN_RANGE_LOOP_ANALYSIS = YES;
				CLANG_WARN_STRICT_PROTOTYPES = YES;
				CLANG_WARN_SUSPICIOUS_MOVE = YES;
				CLANG_WARN_UNREACHABLE_CODE = YES;
				CLANG_WARN__DUPLICATE_METHOD_MATCH = YES;
				"CODE_SIGN_IDENTITY[sdk=iphoneos*]" = "iPhone Developer";
				COPY_PHASE_STRIP = NO;
				DEBUG_INFORMATION_FORMAT = dwarf;
				ENABLE_BITCODE = NO;
				ENABLE_STRICT_OBJC_MSGSEND = YES;
				ENABLE_TESTABILITY = YES;
				GCC_C_LANGUAGE_STANDARD = gnu99;
				GCC_DYNAMIC_NO_PIC = NO;
				GCC_NO_COMMON_BLOCKS = YES;
				GCC_OPTIMIZATION_LEVEL = 0;
				GCC_PREPROCESSOR_DEFINITIONS = (
					"DEBUG=1",
					"$(inherited)",
				);
				GCC_WARN_64_TO_32_BIT_CONVERSION = YES;
				GCC_WARN_ABOUT_RETURN_TYPE = YES_ERROR;
				GCC_WARN_UNDECLARED_SELECTOR = YES;
				GCC_WARN_UNINITIALIZED_AUTOS = YES_AGGRESSIVE;
				GCC_WARN_UNUSED_FUNCTION = YES;
				GCC_WARN_UNUSED_VARIABLE = YES;
				IPHONEOS_DEPLOYMENT_TARGET = 9.0;
				MTL_ENABLE_DEBUG_INFO = YES;
				ONLY_ACTIVE_ARCH = YES;
				SDKROOT = iphoneos;
				STRIP_BITCODE_FROM_COPIED_FILES = NO;
				SWIFT_ACTIVE_COMPILATION_CONDITIONS = DEBUG;
				SWIFT_OPTIMIZATION_LEVEL = "-Onone";
			};
			name = Debug;
		};
		FB3CE6E81F14CA200055185B /* Release */ = {
			isa = XCBuildConfiguration;
			buildSettings = {
				ALWAYS_SEARCH_USER_PATHS = NO;
				CLANG_ANALYZER_LOCALIZABILITY_NONLOCALIZED = YES;
				CLANG_ANALYZER_NONNULL = YES;
				CLANG_CXX_LANGUAGE_STANDARD = "gnu++0x";
				CLANG_CXX_LIBRARY = "libc++";
				CLANG_ENABLE_MODULES = YES;
				CLANG_ENABLE_OBJC_ARC = YES;
				CLANG_WARN_BLOCK_CAPTURE_AUTORELEASING = YES;
				CLANG_WARN_BOOL_CONVERSION = YES;
				CLANG_WARN_COMMA = YES;
				CLANG_WARN_CONSTANT_CONVERSION = YES;
				CLANG_WARN_DIRECT_OBJC_ISA_USAGE = YES_ERROR;
				CLANG_WARN_DOCUMENTATION_COMMENTS = YES;
				CLANG_WARN_EMPTY_BODY = YES;
				CLANG_WARN_ENUM_CONVERSION = YES;
				CLANG_WARN_INFINITE_RECURSION = YES;
				CLANG_WARN_INT_CONVERSION = YES;
				CLANG_WARN_NON_LITERAL_NULL_CONVERSION = YES;
				CLANG_WARN_OBJC_LITERAL_CONVERSION = YES;
				CLANG_WARN_OBJC_ROOT_CLASS = YES_ERROR;
				CLANG_WARN_RANGE_LOOP_ANALYSIS = YES;
				CLANG_WARN_STRICT_PROTOTYPES = YES;
				CLANG_WARN_SUSPICIOUS_MOVE = YES;
				CLANG_WARN_UNREACHABLE_CODE = YES;
				CLANG_WARN__DUPLICATE_METHOD_MATCH = YES;
				"CODE_SIGN_IDENTITY[sdk=iphoneos*]" = "iPhone Developer";
				COPY_PHASE_STRIP = NO;
				DEBUG_INFORMATION_FORMAT = "dwarf-with-dsym";
				ENABLE_BITCODE = NO;
				ENABLE_NS_ASSERTIONS = NO;
				ENABLE_STRICT_OBJC_MSGSEND = YES;
				GCC_C_LANGUAGE_STANDARD = gnu99;
				GCC_NO_COMMON_BLOCKS = YES;
				GCC_WARN_64_TO_32_BIT_CONVERSION = YES;
				GCC_WARN_ABOUT_RETURN_TYPE = YES_ERROR;
				GCC_WARN_UNDECLARED_SELECTOR = YES;
				GCC_WARN_UNINITIALIZED_AUTOS = YES_AGGRESSIVE;
				GCC_WARN_UNUSED_FUNCTION = YES;
				GCC_WARN_UNUSED_VARIABLE = YES;
				IPHONEOS_DEPLOYMENT_TARGET = 9.0;
				MTL_ENABLE_DEBUG_INFO = NO;
				SDKROOT = iphoneos;
				STRIP_BITCODE_FROM_COPIED_FILES = NO;
				SWIFT_OPTIMIZATION_LEVEL = "-Owholemodule";
				VALIDATE_PRODUCT = YES;
			};
			name = Release;
		};
		FB3CE6EA1F14CA200055185B /* Debug */ = {
			isa = XCBuildConfiguration;
			baseConfigurationReference = 5137859347A8763C7437BABD /* Pods-ios.debug.xcconfig */;
			buildSettings = {
				ASSETCATALOG_COMPILER_APPICON_NAME = AppIcon;
				CLANG_ENABLE_MODULES = YES;
				CODE_SIGN_ENTITLEMENTS = ios/ios.entitlements;
				CODE_SIGN_IDENTITY = "iPhone Developer";
				"CODE_SIGN_IDENTITY[sdk=iphoneos*]" = "iPhone Developer";
				CODE_SIGN_STYLE = Manual;
				DEVELOPMENT_TEAM = YDSA4AY496;
				ENABLE_BITCODE = NO;
				INFOPLIST_FILE = ios/Info.plist;
				IPHONEOS_DEPLOYMENT_TARGET = 9.0;
				PRODUCT_BUNDLE_IDENTIFIER = net.givtapp.ios;
				PRODUCT_NAME = "$(TARGET_NAME)";
				PROVISIONING_PROFILE = "";
				PROVISIONING_PROFILE_SPECIFIER = "Givt Universal";
				SWIFT_OPTIMIZATION_LEVEL = "-Onone";
				SWIFT_SWIFT3_OBJC_INFERENCE = On;
				SWIFT_VERSION = 4.0;
				TARGETED_DEVICE_FAMILY = "1,2";
			};
			name = Debug;
		};
		FB3CE6EB1F14CA200055185B /* Release */ = {
			isa = XCBuildConfiguration;
			baseConfigurationReference = 419F2B5D4C67A498F60F1F8E /* Pods-ios.release.xcconfig */;
			buildSettings = {
				ASSETCATALOG_COMPILER_APPICON_NAME = AppIcon;
				CLANG_ENABLE_MODULES = YES;
				CODE_SIGN_ENTITLEMENTS = ios/ios.entitlements;
				CODE_SIGN_IDENTITY = "iPhone Distribution";
				"CODE_SIGN_IDENTITY[sdk=iphoneos*]" = "iPhone Distribution";
				CODE_SIGN_STYLE = Manual;
				DEVELOPMENT_TEAM = YDSA4AY496;
				ENABLE_BITCODE = NO;
				INFOPLIST_FILE = ios/Info.plist;
				IPHONEOS_DEPLOYMENT_TARGET = 9.0;
				PRODUCT_BUNDLE_IDENTIFIER = net.givtapp.ios;
				PRODUCT_NAME = "$(TARGET_NAME)";
				PROVISIONING_PROFILE = "";
				PROVISIONING_PROFILE_SPECIFIER = "Givt Universal";
				SWIFT_SWIFT3_OBJC_INFERENCE = On;
				SWIFT_VERSION = 4.0;
				TARGETED_DEVICE_FAMILY = "1,2";
			};
			name = Release;
		};
/* End XCBuildConfiguration section */

/* Begin XCConfigurationList section */
		FB3CE6CE1F14CA1F0055185B /* Build configuration list for PBXProject "ios" */ = {
			isa = XCConfigurationList;
			buildConfigurations = (
				FB3CE6E71F14CA200055185B /* Debug */,
				FB3CE6E81F14CA200055185B /* Release */,
				FB10620E200CFFA1000B35DE /* Production */,
			);
			defaultConfigurationIsVisible = 0;
			defaultConfigurationName = Release;
		};
		FB3CE6E91F14CA200055185B /* Build configuration list for PBXNativeTarget "ios" */ = {
			isa = XCConfigurationList;
			buildConfigurations = (
				FB3CE6EA1F14CA200055185B /* Debug */,
				FB3CE6EB1F14CA200055185B /* Release */,
				FB10620F200CFFA1000B35DE /* Production */,
			);
			defaultConfigurationIsVisible = 0;
			defaultConfigurationName = Release;
		};
/* End XCConfigurationList section */
	};
	rootObject = FB3CE6CB1F14CA1F0055185B /* Project object */;
}
