// !$*UTF8*$!
{
	archiveVersion = 1;
	classes = {
	};
	objectVersion = 46;
	objects = {

/* Begin PBXBuildFile section */
		D758CD0A1F15052700EF0F19 /* LGSideMenuController.framework in Frameworks */ = {isa = PBXBuildFile; fileRef = FB07A9661F14D9F300FD9C1A /* LGSideMenuController.framework */; };
		D758CD0B1F15052700EF0F19 /* LGSideMenuController.framework in Embed Frameworks */ = {isa = PBXBuildFile; fileRef = FB07A9661F14D9F300FD9C1A /* LGSideMenuController.framework */; settings = {ATTRIBUTES = (CodeSignOnCopy, RemoveHeadersOnCopy, ); }; };
		D758CD111F15098700EF0F19 /* menu.png in Resources */ = {isa = PBXBuildFile; fileRef = D758CD0E1F15098700EF0F19 /* menu.png */; };
		D758CD121F15098700EF0F19 /* menu@2x.png in Resources */ = {isa = PBXBuildFile; fileRef = D758CD0F1F15098700EF0F19 /* menu@2x.png */; };
		D758CD131F15098700EF0F19 /* menu@3x.png in Resources */ = {isa = PBXBuildFile; fileRef = D758CD101F15098700EF0F19 /* menu@3x.png */; };
		D761E9601F15248E002B849B /* SettingsItemTableViewCell.swift in Sources */ = {isa = PBXBuildFile; fileRef = D761E95F1F15248E002B849B /* SettingsItemTableViewCell.swift */; };
		D761E9631F161207002B849B /* Setting.swift in Sources */ = {isa = PBXBuildFile; fileRef = D761E9621F161207002B849B /* Setting.swift */; };
		D761E9651F1612F8002B849B /* SettingTableViewController.swift in Sources */ = {isa = PBXBuildFile; fileRef = D761E9641F1612F8002B849B /* SettingTableViewController.swift */; };
		D761E96F1F165950002B849B /* list.png in Resources */ = {isa = PBXBuildFile; fileRef = D761E9691F165950002B849B /* list.png */; };
		D761E9701F165950002B849B /* list@2x.png in Resources */ = {isa = PBXBuildFile; fileRef = D761E96A1F165950002B849B /* list@2x.png */; };
		D761E9711F165950002B849B /* list@3x.png in Resources */ = {isa = PBXBuildFile; fileRef = D761E96B1F165950002B849B /* list@3x.png */; };
		D761E9721F165950002B849B /* euro.png in Resources */ = {isa = PBXBuildFile; fileRef = D761E96C1F165950002B849B /* euro.png */; };
		D761E9731F165950002B849B /* euro@2x.png in Resources */ = {isa = PBXBuildFile; fileRef = D761E96D1F165950002B849B /* euro@2x.png */; };
		D761E9741F165950002B849B /* euro@3x.png in Resources */ = {isa = PBXBuildFile; fileRef = D761E96E1F165950002B849B /* euro@3x.png */; };
		D761E9811F165CDF002B849B /* info24.png in Resources */ = {isa = PBXBuildFile; fileRef = D761E9751F165CDF002B849B /* info24.png */; };
		D761E9821F165CDF002B849B /* info24@2x.png in Resources */ = {isa = PBXBuildFile; fileRef = D761E9761F165CDF002B849B /* info24@2x.png */; };
		D761E9831F165CDF002B849B /* info24@3x.png in Resources */ = {isa = PBXBuildFile; fileRef = D761E9771F165CDF002B849B /* info24@3x.png */; };
		D761E9841F165CDF002B849B /* exit.png in Resources */ = {isa = PBXBuildFile; fileRef = D761E9781F165CDF002B849B /* exit.png */; };
		D761E9851F165CDF002B849B /* exit@2x.png in Resources */ = {isa = PBXBuildFile; fileRef = D761E9791F165CDF002B849B /* exit@2x.png */; };
		D761E9861F165CDF002B849B /* exit@3x.png in Resources */ = {isa = PBXBuildFile; fileRef = D761E97A1F165CDF002B849B /* exit@3x.png */; };
		D761E9871F165CDF002B849B /* person.png in Resources */ = {isa = PBXBuildFile; fileRef = D761E97B1F165CDF002B849B /* person.png */; };
		D761E9881F165CDF002B849B /* person@2x.png in Resources */ = {isa = PBXBuildFile; fileRef = D761E97C1F165CDF002B849B /* person@2x.png */; };
		D761E9891F165CDF002B849B /* person@3x.png in Resources */ = {isa = PBXBuildFile; fileRef = D761E97D1F165CDF002B849B /* person@3x.png */; };
		D761E98A1F165CDF002B849B /* lock.png in Resources */ = {isa = PBXBuildFile; fileRef = D761E97E1F165CDF002B849B /* lock.png */; };
		D761E98B1F165CDF002B849B /* lock@2x.png in Resources */ = {isa = PBXBuildFile; fileRef = D761E97F1F165CDF002B849B /* lock@2x.png */; };
		D761E98C1F165CDF002B849B /* lock@3x.png in Resources */ = {isa = PBXBuildFile; fileRef = D761E9801F165CDF002B849B /* lock@3x.png */; };
		D761E9901F166090002B849B /* share.png in Resources */ = {isa = PBXBuildFile; fileRef = D761E98D1F166090002B849B /* share.png */; };
		D761E9911F166090002B849B /* share@2x.png in Resources */ = {isa = PBXBuildFile; fileRef = D761E98E1F166090002B849B /* share@2x.png */; };
		D761E9921F166090002B849B /* share@3x.png in Resources */ = {isa = PBXBuildFile; fileRef = D761E98F1F166090002B849B /* share@3x.png */; };
		D761E9941F166B8D002B849B /* CustomTableView.swift in Sources */ = {isa = PBXBuildFile; fileRef = D761E9931F166B8D002B849B /* CustomTableView.swift */; };
		D761E99A1F166FF8002B849B /* rightarrow.png in Resources */ = {isa = PBXBuildFile; fileRef = D761E9971F166FF8002B849B /* rightarrow.png */; };
		D761E99B1F166FF8002B849B /* rightarrow@2x.png in Resources */ = {isa = PBXBuildFile; fileRef = D761E9981F166FF8002B849B /* rightarrow@2x.png */; };
		D761E99C1F166FF8002B849B /* rightarrow@3x.png in Resources */ = {isa = PBXBuildFile; fileRef = D761E9991F166FF8002B849B /* rightarrow@3x.png */; };
		D761E99E1F167315002B849B /* CustomViewController.swift in Sources */ = {isa = PBXBuildFile; fileRef = D761E99D1F167315002B849B /* CustomViewController.swift */; };
		D761E9A01F167798002B849B /* AmountViewController.swift in Sources */ = {isa = PBXBuildFile; fileRef = D761E99F1F167798002B849B /* AmountViewController.swift */; };
		D761E9A21F17B14D002B849B /* RoundedButton.swift in Sources */ = {isa = PBXBuildFile; fileRef = D761E9A11F17B14D002B849B /* RoundedButton.swift */; };
		FB07A9671F14D9F300FD9C1A /* LGSideMenuController.framework in Frameworks */ = {isa = PBXBuildFile; fileRef = FB07A9661F14D9F300FD9C1A /* LGSideMenuController.framework */; settings = {ATTRIBUTES = (Required, ); }; };
		FB07A9691F14DA1E00FD9C1A /* LGSideMenuController.framework.dSYM in CopyFiles */ = {isa = PBXBuildFile; fileRef = FB07A9681F14DA1E00FD9C1A /* LGSideMenuController.framework.dSYM */; };
		FB3CE6D71F14CA200055185B /* AppDelegate.swift in Sources */ = {isa = PBXBuildFile; fileRef = FB3CE6D61F14CA200055185B /* AppDelegate.swift */; };
		FB3CE6D91F14CA200055185B /* RootViewController.swift in Sources */ = {isa = PBXBuildFile; fileRef = FB3CE6D81F14CA200055185B /* RootViewController.swift */; };
		FB3CE6E01F14CA200055185B /* Main.storyboard in Resources */ = {isa = PBXBuildFile; fileRef = FB3CE6DE1F14CA200055185B /* Main.storyboard */; };
		FB3CE6E21F14CA200055185B /* Assets.xcassets in Resources */ = {isa = PBXBuildFile; fileRef = FB3CE6E11F14CA200055185B /* Assets.xcassets */; };
		FB3CE6E51F14CA200055185B /* LaunchScreen.storyboard in Resources */ = {isa = PBXBuildFile; fileRef = FB3CE6E31F14CA200055185B /* LaunchScreen.storyboard */; };
/* End PBXBuildFile section */

/* Begin PBXCopyFilesBuildPhase section */
		FB07A9611F14D97200FD9C1A /* Embed Frameworks */ = {
			isa = PBXCopyFilesBuildPhase;
			buildActionMask = 2147483647;
			dstPath = "";
			dstSubfolderSpec = 10;
			files = (
				D758CD0B1F15052700EF0F19 /* LGSideMenuController.framework in Embed Frameworks */,
			);
			name = "Embed Frameworks";
			runOnlyForDeploymentPostprocessing = 0;
		};
		FB07A9621F14D98300FD9C1A /* CopyFiles */ = {
			isa = PBXCopyFilesBuildPhase;
			buildActionMask = 2147483647;
			dstPath = "";
			dstSubfolderSpec = 16;
			files = (
				FB07A9691F14DA1E00FD9C1A /* LGSideMenuController.framework.dSYM in CopyFiles */,
			);
			runOnlyForDeploymentPostprocessing = 0;
		};
/* End PBXCopyFilesBuildPhase section */

/* Begin PBXFileReference section */
		D758CD0E1F15098700EF0F19 /* menu.png */ = {isa = PBXFileReference; lastKnownFileType = image.png; path = menu.png; sourceTree = "<group>"; };
		D758CD0F1F15098700EF0F19 /* menu@2x.png */ = {isa = PBXFileReference; lastKnownFileType = image.png; path = "menu@2x.png"; sourceTree = "<group>"; };
		D758CD101F15098700EF0F19 /* menu@3x.png */ = {isa = PBXFileReference; lastKnownFileType = image.png; path = "menu@3x.png"; sourceTree = "<group>"; };
		D761E95F1F15248E002B849B /* SettingsItemTableViewCell.swift */ = {isa = PBXFileReference; fileEncoding = 4; lastKnownFileType = sourcecode.swift; path = SettingsItemTableViewCell.swift; sourceTree = "<group>"; };
		D761E9621F161207002B849B /* Setting.swift */ = {isa = PBXFileReference; fileEncoding = 4; lastKnownFileType = sourcecode.swift; path = Setting.swift; sourceTree = "<group>"; };
		D761E9641F1612F8002B849B /* SettingTableViewController.swift */ = {isa = PBXFileReference; fileEncoding = 4; lastKnownFileType = sourcecode.swift; path = SettingTableViewController.swift; sourceTree = "<group>"; };
		D761E9691F165950002B849B /* list.png */ = {isa = PBXFileReference; lastKnownFileType = image.png; path = list.png; sourceTree = "<group>"; };
		D761E96A1F165950002B849B /* list@2x.png */ = {isa = PBXFileReference; lastKnownFileType = image.png; path = "list@2x.png"; sourceTree = "<group>"; };
		D761E96B1F165950002B849B /* list@3x.png */ = {isa = PBXFileReference; lastKnownFileType = image.png; path = "list@3x.png"; sourceTree = "<group>"; };
		D761E96C1F165950002B849B /* euro.png */ = {isa = PBXFileReference; lastKnownFileType = image.png; path = euro.png; sourceTree = "<group>"; };
		D761E96D1F165950002B849B /* euro@2x.png */ = {isa = PBXFileReference; lastKnownFileType = image.png; path = "euro@2x.png"; sourceTree = "<group>"; };
		D761E96E1F165950002B849B /* euro@3x.png */ = {isa = PBXFileReference; lastKnownFileType = image.png; path = "euro@3x.png"; sourceTree = "<group>"; };
		D761E9751F165CDF002B849B /* info24.png */ = {isa = PBXFileReference; lastKnownFileType = image.png; path = info24.png; sourceTree = "<group>"; };
		D761E9761F165CDF002B849B /* info24@2x.png */ = {isa = PBXFileReference; lastKnownFileType = image.png; path = "info24@2x.png"; sourceTree = "<group>"; };
		D761E9771F165CDF002B849B /* info24@3x.png */ = {isa = PBXFileReference; lastKnownFileType = image.png; path = "info24@3x.png"; sourceTree = "<group>"; };
		D761E9781F165CDF002B849B /* exit.png */ = {isa = PBXFileReference; lastKnownFileType = image.png; path = exit.png; sourceTree = "<group>"; };
		D761E9791F165CDF002B849B /* exit@2x.png */ = {isa = PBXFileReference; lastKnownFileType = image.png; path = "exit@2x.png"; sourceTree = "<group>"; };
		D761E97A1F165CDF002B849B /* exit@3x.png */ = {isa = PBXFileReference; lastKnownFileType = image.png; path = "exit@3x.png"; sourceTree = "<group>"; };
		D761E97B1F165CDF002B849B /* person.png */ = {isa = PBXFileReference; lastKnownFileType = image.png; path = person.png; sourceTree = "<group>"; };
		D761E97C1F165CDF002B849B /* person@2x.png */ = {isa = PBXFileReference; lastKnownFileType = image.png; path = "person@2x.png"; sourceTree = "<group>"; };
		D761E97D1F165CDF002B849B /* person@3x.png */ = {isa = PBXFileReference; lastKnownFileType = image.png; path = "person@3x.png"; sourceTree = "<group>"; };
		D761E97E1F165CDF002B849B /* lock.png */ = {isa = PBXFileReference; lastKnownFileType = image.png; path = lock.png; sourceTree = "<group>"; };
		D761E97F1F165CDF002B849B /* lock@2x.png */ = {isa = PBXFileReference; lastKnownFileType = image.png; path = "lock@2x.png"; sourceTree = "<group>"; };
		D761E9801F165CDF002B849B /* lock@3x.png */ = {isa = PBXFileReference; lastKnownFileType = image.png; path = "lock@3x.png"; sourceTree = "<group>"; };
		D761E98D1F166090002B849B /* share.png */ = {isa = PBXFileReference; lastKnownFileType = image.png; path = share.png; sourceTree = "<group>"; };
		D761E98E1F166090002B849B /* share@2x.png */ = {isa = PBXFileReference; lastKnownFileType = image.png; path = "share@2x.png"; sourceTree = "<group>"; };
		D761E98F1F166090002B849B /* share@3x.png */ = {isa = PBXFileReference; lastKnownFileType = image.png; path = "share@3x.png"; sourceTree = "<group>"; };
		D761E9931F166B8D002B849B /* CustomTableView.swift */ = {isa = PBXFileReference; fileEncoding = 4; lastKnownFileType = sourcecode.swift; path = CustomTableView.swift; sourceTree = "<group>"; };
		D761E9971F166FF8002B849B /* rightarrow.png */ = {isa = PBXFileReference; lastKnownFileType = image.png; path = rightarrow.png; sourceTree = "<group>"; };
		D761E9981F166FF8002B849B /* rightarrow@2x.png */ = {isa = PBXFileReference; lastKnownFileType = image.png; path = "rightarrow@2x.png"; sourceTree = "<group>"; };
		D761E9991F166FF8002B849B /* rightarrow@3x.png */ = {isa = PBXFileReference; lastKnownFileType = image.png; path = "rightarrow@3x.png"; sourceTree = "<group>"; };
		D761E99D1F167315002B849B /* CustomViewController.swift */ = {isa = PBXFileReference; fileEncoding = 4; lastKnownFileType = sourcecode.swift; path = CustomViewController.swift; sourceTree = "<group>"; };
		D761E99F1F167798002B849B /* AmountViewController.swift */ = {isa = PBXFileReference; fileEncoding = 4; lastKnownFileType = sourcecode.swift; path = AmountViewController.swift; sourceTree = "<group>"; };
		D761E9A11F17B14D002B849B /* RoundedButton.swift */ = {isa = PBXFileReference; fileEncoding = 4; lastKnownFileType = sourcecode.swift; path = RoundedButton.swift; sourceTree = "<group>"; };
		FB07A9661F14D9F300FD9C1A /* LGSideMenuController.framework */ = {isa = PBXFileReference; lastKnownFileType = wrapper.framework; name = LGSideMenuController.framework; path = Carthage/Build/iOS/LGSideMenuController.framework; sourceTree = "<group>"; };
		FB07A9681F14DA1E00FD9C1A /* LGSideMenuController.framework.dSYM */ = {isa = PBXFileReference; lastKnownFileType = wrapper.dsym; name = LGSideMenuController.framework.dSYM; path = Carthage/Build/iOS/LGSideMenuController.framework.dSYM; sourceTree = "<group>"; };
		FB3CE6D31F14CA200055185B /* ios.app */ = {isa = PBXFileReference; explicitFileType = wrapper.application; includeInIndex = 0; path = ios.app; sourceTree = BUILT_PRODUCTS_DIR; };
		FB3CE6D61F14CA200055185B /* AppDelegate.swift */ = {isa = PBXFileReference; lastKnownFileType = sourcecode.swift; path = AppDelegate.swift; sourceTree = "<group>"; };
		FB3CE6D81F14CA200055185B /* RootViewController.swift */ = {isa = PBXFileReference; lastKnownFileType = sourcecode.swift; path = RootViewController.swift; sourceTree = "<group>"; };
		FB3CE6DF1F14CA200055185B /* Base */ = {isa = PBXFileReference; lastKnownFileType = file.storyboard; name = Base; path = Base.lproj/Main.storyboard; sourceTree = "<group>"; };
		FB3CE6E11F14CA200055185B /* Assets.xcassets */ = {isa = PBXFileReference; lastKnownFileType = folder.assetcatalog; path = Assets.xcassets; sourceTree = "<group>"; };
		FB3CE6E41F14CA200055185B /* Base */ = {isa = PBXFileReference; lastKnownFileType = file.storyboard; name = Base; path = Base.lproj/LaunchScreen.storyboard; sourceTree = "<group>"; };
		FB3CE6E61F14CA200055185B /* Info.plist */ = {isa = PBXFileReference; lastKnownFileType = text.plist.xml; path = Info.plist; sourceTree = "<group>"; };
/* End PBXFileReference section */

/* Begin PBXFrameworksBuildPhase section */
		FB3CE6D01F14CA200055185B /* Frameworks */ = {
			isa = PBXFrameworksBuildPhase;
			buildActionMask = 2147483647;
			files = (
				FB07A9671F14D9F300FD9C1A /* LGSideMenuController.framework in Frameworks */,
				D758CD0A1F15052700EF0F19 /* LGSideMenuController.framework in Frameworks */,
			);
			runOnlyForDeploymentPostprocessing = 0;
		};
/* End PBXFrameworksBuildPhase section */

/* Begin PBXGroup section */
		D758CD0D1F15097300EF0F19 /* images */ = {
			isa = PBXGroup;
			children = (
				D761E9971F166FF8002B849B /* rightarrow.png */,
				D761E9981F166FF8002B849B /* rightarrow@2x.png */,
				D761E9991F166FF8002B849B /* rightarrow@3x.png */,
				D761E98D1F166090002B849B /* share.png */,
				D761E98E1F166090002B849B /* share@2x.png */,
				D761E98F1F166090002B849B /* share@3x.png */,
				D761E9751F165CDF002B849B /* info24.png */,
				D761E9761F165CDF002B849B /* info24@2x.png */,
				D761E9771F165CDF002B849B /* info24@3x.png */,
				D761E9781F165CDF002B849B /* exit.png */,
				D761E9791F165CDF002B849B /* exit@2x.png */,
				D761E97A1F165CDF002B849B /* exit@3x.png */,
				D761E97B1F165CDF002B849B /* person.png */,
				D761E97C1F165CDF002B849B /* person@2x.png */,
				D761E97D1F165CDF002B849B /* person@3x.png */,
				D761E97E1F165CDF002B849B /* lock.png */,
				D761E97F1F165CDF002B849B /* lock@2x.png */,
				D761E9801F165CDF002B849B /* lock@3x.png */,
				D761E9691F165950002B849B /* list.png */,
				D761E96A1F165950002B849B /* list@2x.png */,
				D761E96B1F165950002B849B /* list@3x.png */,
				D761E96C1F165950002B849B /* euro.png */,
				D761E96D1F165950002B849B /* euro@2x.png */,
				D761E96E1F165950002B849B /* euro@3x.png */,
				D758CD0E1F15098700EF0F19 /* menu.png */,
				D758CD0F1F15098700EF0F19 /* menu@2x.png */,
				D758CD101F15098700EF0F19 /* menu@3x.png */,
			);
			name = images;
			sourceTree = "<group>";
		};
		D758CD141F1513EC00EF0F19 /* Views */ = {
			isa = PBXGroup;
			children = (
				D761E95F1F15248E002B849B /* SettingsItemTableViewCell.swift */,
			);
			name = Views;
			sourceTree = "<group>";
		};
		D761E9611F1611BE002B849B /* Models */ = {
			isa = PBXGroup;
			children = (
				D761E9621F161207002B849B /* Setting.swift */,
			);
			name = Models;
			sourceTree = "<group>";
		};
		D761E9661F1614A7002B849B /* ViewControllers */ = {
			isa = PBXGroup;
			children = (
				D761E9641F1612F8002B849B /* SettingTableViewController.swift */,
				D761E99D1F167315002B849B /* CustomViewController.swift */,
				D761E99F1F167798002B849B /* AmountViewController.swift */,
			);
			name = ViewControllers;
			sourceTree = "<group>";
		};
		FB07A9651F14D9F300FD9C1A /* Frameworks */ = {
			isa = PBXGroup;
			children = (
				FB07A9681F14DA1E00FD9C1A /* LGSideMenuController.framework.dSYM */,
				FB07A9661F14D9F300FD9C1A /* LGSideMenuController.framework */,
			);
			name = Frameworks;
			sourceTree = "<group>";
		};
		FB3CE6CA1F14CA1F0055185B = {
			isa = PBXGroup;
			children = (
				FB3CE6D51F14CA200055185B /* ios */,
				FB3CE6D41F14CA200055185B /* Products */,
				FB07A9651F14D9F300FD9C1A /* Frameworks */,
			);
			sourceTree = "<group>";
		};
		FB3CE6D41F14CA200055185B /* Products */ = {
			isa = PBXGroup;
			children = (
				FB3CE6D31F14CA200055185B /* ios.app */,
			);
			name = Products;
			sourceTree = "<group>";
		};
		FB3CE6D51F14CA200055185B /* ios */ = {
			isa = PBXGroup;
			children = (
				D761E9661F1614A7002B849B /* ViewControllers */,
				D761E9611F1611BE002B849B /* Models */,
				D758CD141F1513EC00EF0F19 /* Views */,
				D758CD0D1F15097300EF0F19 /* images */,
				FB3CE6D61F14CA200055185B /* AppDelegate.swift */,
				FB3CE6D81F14CA200055185B /* RootViewController.swift */,
				FB3CE6DE1F14CA200055185B /* Main.storyboard */,
				FB3CE6E11F14CA200055185B /* Assets.xcassets */,
				FB3CE6E31F14CA200055185B /* LaunchScreen.storyboard */,
				FB3CE6E61F14CA200055185B /* Info.plist */,
				D761E9931F166B8D002B849B /* CustomTableView.swift */,
				D761E9A11F17B14D002B849B /* RoundedButton.swift */,
			);
			path = ios;
			sourceTree = "<group>";
		};
/* End PBXGroup section */

/* Begin PBXNativeTarget section */
		FB3CE6D21F14CA200055185B /* ios */ = {
			isa = PBXNativeTarget;
			buildConfigurationList = FB3CE6E91F14CA200055185B /* Build configuration list for PBXNativeTarget "ios" */;
			buildPhases = (
				FB3CE6CF1F14CA200055185B /* Sources */,
				FB3CE6D01F14CA200055185B /* Frameworks */,
				FB3CE6D11F14CA200055185B /* Resources */,
				FB07A9611F14D97200FD9C1A /* Embed Frameworks */,
				FB07A9621F14D98300FD9C1A /* CopyFiles */,
			);
			buildRules = (
			);
			dependencies = (
			);
			name = ios;
			productName = ios;
			productReference = FB3CE6D31F14CA200055185B /* ios.app */;
			productType = "com.apple.product-type.application";
		};
/* End PBXNativeTarget section */

/* Begin PBXProject section */
		FB3CE6CB1F14CA1F0055185B /* Project object */ = {
			isa = PBXProject;
			attributes = {
				LastSwiftUpdateCheck = 0820;
				LastUpgradeCheck = 0820;
				ORGANIZATIONNAME = "Maarten Vergouwe";
				TargetAttributes = {
					FB3CE6D21F14CA200055185B = {
						CreatedOnToolsVersion = 8.2.1;
						DevelopmentTeam = YDSA4AY496;
						LastSwiftMigration = 0830;
						ProvisioningStyle = Automatic;
					};
				};
			};
			buildConfigurationList = FB3CE6CE1F14CA1F0055185B /* Build configuration list for PBXProject "ios" */;
			compatibilityVersion = "Xcode 3.2";
			developmentRegion = English;
			hasScannedForEncodings = 0;
			knownRegions = (
				en,
				Base,
			);
			mainGroup = FB3CE6CA1F14CA1F0055185B;
			productRefGroup = FB3CE6D41F14CA200055185B /* Products */;
			projectDirPath = "";
			projectRoot = "";
			targets = (
				FB3CE6D21F14CA200055185B /* ios */,
			);
		};
/* End PBXProject section */

/* Begin PBXResourcesBuildPhase section */
		FB3CE6D11F14CA200055185B /* Resources */ = {
			isa = PBXResourcesBuildPhase;
			buildActionMask = 2147483647;
			files = (
				D761E99B1F166FF8002B849B /* rightarrow@2x.png in Resources */,
				D761E96F1F165950002B849B /* list.png in Resources */,
				D758CD111F15098700EF0F19 /* menu.png in Resources */,
				FB3CE6E51F14CA200055185B /* LaunchScreen.storyboard in Resources */,
				D758CD121F15098700EF0F19 /* menu@2x.png in Resources */,
				D761E98B1F165CDF002B849B /* lock@2x.png in Resources */,
				D761E9891F165CDF002B849B /* person@3x.png in Resources */,
				D761E9731F165950002B849B /* euro@2x.png in Resources */,
				D761E9901F166090002B849B /* share.png in Resources */,
				D761E9881F165CDF002B849B /* person@2x.png in Resources */,
				D761E9841F165CDF002B849B /* exit.png in Resources */,
				D761E99A1F166FF8002B849B /* rightarrow.png in Resources */,
				D761E9911F166090002B849B /* share@2x.png in Resources */,
				D761E9921F166090002B849B /* share@3x.png in Resources */,
				D761E9851F165CDF002B849B /* exit@2x.png in Resources */,
				D761E98C1F165CDF002B849B /* lock@3x.png in Resources */,
				D761E9701F165950002B849B /* list@2x.png in Resources */,
				D761E9821F165CDF002B849B /* info24@2x.png in Resources */,
				D761E9831F165CDF002B849B /* info24@3x.png in Resources */,
				FB3CE6E21F14CA200055185B /* Assets.xcassets in Resources */,
				D761E99C1F166FF8002B849B /* rightarrow@3x.png in Resources */,
				D761E9721F165950002B849B /* euro.png in Resources */,
				D761E9811F165CDF002B849B /* info24.png in Resources */,
				D761E9741F165950002B849B /* euro@3x.png in Resources */,
				D761E98A1F165CDF002B849B /* lock.png in Resources */,
				D758CD131F15098700EF0F19 /* menu@3x.png in Resources */,
				D761E9871F165CDF002B849B /* person.png in Resources */,
				D761E9861F165CDF002B849B /* exit@3x.png in Resources */,
				D761E9711F165950002B849B /* list@3x.png in Resources */,
				FB3CE6E01F14CA200055185B /* Main.storyboard in Resources */,
			);
			runOnlyForDeploymentPostprocessing = 0;
		};
/* End PBXResourcesBuildPhase section */

/* Begin PBXSourcesBuildPhase section */
		FB3CE6CF1F14CA200055185B /* Sources */ = {
			isa = PBXSourcesBuildPhase;
			buildActionMask = 2147483647;
			files = (
				D761E9A01F167798002B849B /* AmountViewController.swift in Sources */,
				FB3CE6D91F14CA200055185B /* RootViewController.swift in Sources */,
				D761E99E1F167315002B849B /* CustomViewController.swift in Sources */,
				FB3CE6D71F14CA200055185B /* AppDelegate.swift in Sources */,
				D761E9A21F17B14D002B849B /* RoundedButton.swift in Sources */,
				D761E9941F166B8D002B849B /* CustomTableView.swift in Sources */,
				D761E9631F161207002B849B /* Setting.swift in Sources */,
				D761E9601F15248E002B849B /* SettingsItemTableViewCell.swift in Sources */,
				D761E9651F1612F8002B849B /* SettingTableViewController.swift in Sources */,
			);
			runOnlyForDeploymentPostprocessing = 0;
		};
/* End PBXSourcesBuildPhase section */

/* Begin PBXVariantGroup section */
		FB3CE6DE1F14CA200055185B /* Main.storyboard */ = {
			isa = PBXVariantGroup;
			children = (
				FB3CE6DF1F14CA200055185B /* Base */,
			);
			name = Main.storyboard;
			sourceTree = "<group>";
		};
		FB3CE6E31F14CA200055185B /* LaunchScreen.storyboard */ = {
			isa = PBXVariantGroup;
			children = (
				FB3CE6E41F14CA200055185B /* Base */,
			);
			name = LaunchScreen.storyboard;
			sourceTree = "<group>";
		};
/* End PBXVariantGroup section */

/* Begin XCBuildConfiguration section */
		FB3CE6E71F14CA200055185B /* Debug */ = {
			isa = XCBuildConfiguration;
			buildSettings = {
				ALWAYS_SEARCH_USER_PATHS = NO;
				CLANG_ANALYZER_LOCALIZABILITY_NONLOCALIZED = YES;
				CLANG_ANALYZER_NONNULL = YES;
				CLANG_CXX_LANGUAGE_STANDARD = "gnu++0x";
				CLANG_CXX_LIBRARY = "libc++";
				CLANG_ENABLE_MODULES = YES;
				CLANG_ENABLE_OBJC_ARC = YES;
				CLANG_WARN_BOOL_CONVERSION = YES;
				CLANG_WARN_CONSTANT_CONVERSION = YES;
				CLANG_WARN_DIRECT_OBJC_ISA_USAGE = YES_ERROR;
				CLANG_WARN_DOCUMENTATION_COMMENTS = YES;
				CLANG_WARN_EMPTY_BODY = YES;
				CLANG_WARN_ENUM_CONVERSION = YES;
				CLANG_WARN_INFINITE_RECURSION = YES;
				CLANG_WARN_INT_CONVERSION = YES;
				CLANG_WARN_OBJC_ROOT_CLASS = YES_ERROR;
				CLANG_WARN_SUSPICIOUS_MOVE = YES;
				CLANG_WARN_UNREACHABLE_CODE = YES;
				CLANG_WARN__DUPLICATE_METHOD_MATCH = YES;
				"CODE_SIGN_IDENTITY[sdk=iphoneos*]" = "iPhone Developer";
				COPY_PHASE_STRIP = NO;
				DEBUG_INFORMATION_FORMAT = dwarf;
				ENABLE_STRICT_OBJC_MSGSEND = YES;
				ENABLE_TESTABILITY = YES;
				GCC_C_LANGUAGE_STANDARD = gnu99;
				GCC_DYNAMIC_NO_PIC = NO;
				GCC_NO_COMMON_BLOCKS = YES;
				GCC_OPTIMIZATION_LEVEL = 0;
				GCC_PREPROCESSOR_DEFINITIONS = (
					"DEBUG=1",
					"$(inherited)",
				);
				GCC_WARN_64_TO_32_BIT_CONVERSION = YES;
				GCC_WARN_ABOUT_RETURN_TYPE = YES_ERROR;
				GCC_WARN_UNDECLARED_SELECTOR = YES;
				GCC_WARN_UNINITIALIZED_AUTOS = YES_AGGRESSIVE;
				GCC_WARN_UNUSED_FUNCTION = YES;
				GCC_WARN_UNUSED_VARIABLE = YES;
				IPHONEOS_DEPLOYMENT_TARGET = 10.2;
				MTL_ENABLE_DEBUG_INFO = YES;
				ONLY_ACTIVE_ARCH = YES;
				SDKROOT = iphoneos;
				SWIFT_ACTIVE_COMPILATION_CONDITIONS = DEBUG;
				SWIFT_OPTIMIZATION_LEVEL = "-Onone";
			};
			name = Debug;
		};
		FB3CE6E81F14CA200055185B /* Release */ = {
			isa = XCBuildConfiguration;
			buildSettings = {
				ALWAYS_SEARCH_USER_PATHS = NO;
				CLANG_ANALYZER_LOCALIZABILITY_NONLOCALIZED = YES;
				CLANG_ANALYZER_NONNULL = YES;
				CLANG_CXX_LANGUAGE_STANDARD = "gnu++0x";
				CLANG_CXX_LIBRARY = "libc++";
				CLANG_ENABLE_MODULES = YES;
				CLANG_ENABLE_OBJC_ARC = YES;
				CLANG_WARN_BOOL_CONVERSION = YES;
				CLANG_WARN_CONSTANT_CONVERSION = YES;
				CLANG_WARN_DIRECT_OBJC_ISA_USAGE = YES_ERROR;
				CLANG_WARN_DOCUMENTATION_COMMENTS = YES;
				CLANG_WARN_EMPTY_BODY = YES;
				CLANG_WARN_ENUM_CONVERSION = YES;
				CLANG_WARN_INFINITE_RECURSION = YES;
				CLANG_WARN_INT_CONVERSION = YES;
				CLANG_WARN_OBJC_ROOT_CLASS = YES_ERROR;
				CLANG_WARN_SUSPICIOUS_MOVE = YES;
				CLANG_WARN_UNREACHABLE_CODE = YES;
				CLANG_WARN__DUPLICATE_METHOD_MATCH = YES;
				"CODE_SIGN_IDENTITY[sdk=iphoneos*]" = "iPhone Developer";
				COPY_PHASE_STRIP = NO;
				DEBUG_INFORMATION_FORMAT = "dwarf-with-dsym";
				ENABLE_NS_ASSERTIONS = NO;
				ENABLE_STRICT_OBJC_MSGSEND = YES;
				GCC_C_LANGUAGE_STANDARD = gnu99;
				GCC_NO_COMMON_BLOCKS = YES;
				GCC_WARN_64_TO_32_BIT_CONVERSION = YES;
				GCC_WARN_ABOUT_RETURN_TYPE = YES_ERROR;
				GCC_WARN_UNDECLARED_SELECTOR = YES;
				GCC_WARN_UNINITIALIZED_AUTOS = YES_AGGRESSIVE;
				GCC_WARN_UNUSED_FUNCTION = YES;
				GCC_WARN_UNUSED_VARIABLE = YES;
				IPHONEOS_DEPLOYMENT_TARGET = 10.2;
				MTL_ENABLE_DEBUG_INFO = NO;
				SDKROOT = iphoneos;
				SWIFT_OPTIMIZATION_LEVEL = "-Owholemodule";
				VALIDATE_PRODUCT = YES;
			};
			name = Release;
		};
		FB3CE6EA1F14CA200055185B /* Debug */ = {
			isa = XCBuildConfiguration;
			buildSettings = {
				ASSETCATALOG_COMPILER_APPICON_NAME = AppIcon;
				CLANG_ENABLE_MODULES = YES;
				DEVELOPMENT_TEAM = YDSA4AY496;
				FRAMEWORK_SEARCH_PATHS = (
					"$(inherited)",
					"$(PROJECT_DIR)/Carthage/Build/iOS",
				);
				INFOPLIST_FILE = ios/Info.plist;
				LD_RUNPATH_SEARCH_PATHS = "$(inherited) @executable_path/Frameworks";
				PRODUCT_BUNDLE_IDENTIFIER = net.givtapp.ios;
				PRODUCT_NAME = "$(TARGET_NAME)";
				SWIFT_OPTIMIZATION_LEVEL = "-Onone";
				SWIFT_VERSION = 3.0;
			};
			name = Debug;
		};
		FB3CE6EB1F14CA200055185B /* Release */ = {
			isa = XCBuildConfiguration;
			buildSettings = {
				ASSETCATALOG_COMPILER_APPICON_NAME = AppIcon;
				CLANG_ENABLE_MODULES = YES;
				DEVELOPMENT_TEAM = YDSA4AY496;
				FRAMEWORK_SEARCH_PATHS = (
					"$(inherited)",
					"$(PROJECT_DIR)/Carthage/Build/iOS",
				);
				INFOPLIST_FILE = ios/Info.plist;
				LD_RUNPATH_SEARCH_PATHS = "$(inherited) @executable_path/Frameworks";
				PRODUCT_BUNDLE_IDENTIFIER = net.givtapp.ios;
				PRODUCT_NAME = "$(TARGET_NAME)";
				SWIFT_VERSION = 3.0;
			};
			name = Release;
		};
/* End XCBuildConfiguration section */

/* Begin XCConfigurationList section */
		FB3CE6CE1F14CA1F0055185B /* Build configuration list for PBXProject "ios" */ = {
			isa = XCConfigurationList;
			buildConfigurations = (
				FB3CE6E71F14CA200055185B /* Debug */,
				FB3CE6E81F14CA200055185B /* Release */,
			);
			defaultConfigurationIsVisible = 0;
			defaultConfigurationName = Release;
		};
		FB3CE6E91F14CA200055185B /* Build configuration list for PBXNativeTarget "ios" */ = {
			isa = XCConfigurationList;
			buildConfigurations = (
				FB3CE6EA1F14CA200055185B /* Debug */,
				FB3CE6EB1F14CA200055185B /* Release */,
			);
			defaultConfigurationIsVisible = 0;
			defaultConfigurationName = Release;
		};
/* End XCConfigurationList section */
	};
	rootObject = FB3CE6CB1F14CA1F0055185B /* Project object */;
}
